// !$*UTF8*$!
{
	archiveVersion = 1;
	classes = {
	};
	objectVersion = 46;
	objects = {

/* Begin PBXBuildFile section */
		052301ADA4EF43D178BFB41D /* AppDelegate.swift in Sources */ = {isa = PBXBuildFile; fileRef = CE966D0D512B72C5A3914DB7 /* AppDelegate.swift */; };
		1EBF0B6323FC7E628852E733 /* LaunchScreen.xib in Sources */ = {isa = PBXBuildFile; fileRef = 0FEFB1060BC1878178CA633D /* LaunchScreen.xib */; };
		33EC99E53DF476E306184EA0 /* Images.xcassets in Resources */ = {isa = PBXBuildFile; fileRef = 5BF711551780CC1023B818B7 /* Images.xcassets */; };
		43DD62C87658BB893376A014 /* Foundation.framework in Frameworks */ = {isa = PBXBuildFile; fileRef = 89D708FDD0187D9EA8ED51FA /* Foundation.framework */; };
		C7562741D8E5D170B5A0B208 /* Pods_AutoLayoutDemo.framework in Frameworks */ = {isa = PBXBuildFile; fileRef = 9D7BB0B4C73E1E64C0A3FA4F /* Pods_AutoLayoutDemo.framework */; };
		D99E51E51CF8D11900B8E405 /* ALMenuViewController.swift in Sources */ = {isa = PBXBuildFile; fileRef = D99E51E31CF8D11900B8E405 /* ALMenuViewController.swift */; };
		D99E51E61CF8D11900B8E405 /* ALMenuViewController.xib in Resources */ = {isa = PBXBuildFile; fileRef = D99E51E41CF8D11900B8E405 /* ALMenuViewController.xib */; };
		D99E51EA1CF8D13300B8E405 /* ALPromptViewController.swift in Sources */ = {isa = PBXBuildFile; fileRef = D99E51E81CF8D13300B8E405 /* ALPromptViewController.swift */; };
		D99E51EB1CF8D13300B8E405 /* ALPromptViewController.xib in Resources */ = {isa = PBXBuildFile; fileRef = D99E51E91CF8D13300B8E405 /* ALPromptViewController.xib */; };
		D99E51F41CF8E20200B8E405 /* ALMenuLabelView.swift in Sources */ = {isa = PBXBuildFile; fileRef = D99E51F21CF8E20200B8E405 /* ALMenuLabelView.swift */; };
		D99E51F51CF8E20200B8E405 /* ALMenuLabelView.xib in Resources */ = {isa = PBXBuildFile; fileRef = D99E51F31CF8E20200B8E405 /* ALMenuLabelView.xib */; };
		D9D1E1951CF69517009C280D /* ALRootVIewController.swift in Sources */ = {isa = PBXBuildFile; fileRef = D9D1E1931CF69517009C280D /* ALRootVIewController.swift */; };
		D9D1E1961CF69517009C280D /* ALRootVIewController.xib in Resources */ = {isa = PBXBuildFile; fileRef = D9D1E1941CF69517009C280D /* ALRootVIewController.xib */; };
/* End PBXBuildFile section */

/* Begin PBXContainerItemProxy section */
		0251B45543D0B87379E46B2A /* PBXContainerItemProxy */ = {
			isa = PBXContainerItemProxy;
			containerPortal = 982F2A2515DAE08B74F245DA /* Project object */;
			proxyType = 1;
			remoteGlobalIDString = 3824D5051936220F1CE49985;
			remoteInfo = AutoLayoutDemo;
		};
/* End PBXContainerItemProxy section */

/* Begin PBXFileReference section */
		01DBECF09ECC791F882F7CBA /* UnitTests-Info.plist */ = {isa = PBXFileReference; includeInIndex = 1; lastKnownFileType = text.plist.xml; path = "UnitTests-Info.plist"; sourceTree = "<group>"; };
		0FEFB1060BC1878178CA633D /* LaunchScreen.xib */ = {isa = PBXFileReference; includeInIndex = 1; lastKnownFileType = file.xib; path = LaunchScreen.xib; sourceTree = "<group>"; };
		3FE4D5EF4ECB8C4C167DDBF1 /* Info.plist */ = {isa = PBXFileReference; includeInIndex = 1; lastKnownFileType = text.plist.xml; path = Info.plist; sourceTree = "<group>"; };
		4A8D2832179BD75DCD73B475 /* Pods-AutoLayoutDemo.staging.xcconfig */ = {isa = PBXFileReference; includeInIndex = 1; lastKnownFileType = text.xcconfig; name = "Pods-AutoLayoutDemo.staging.xcconfig"; path = "Pods/Target Support Files/Pods-AutoLayoutDemo/Pods-AutoLayoutDemo.staging.xcconfig"; sourceTree = "<group>"; };
		52126C262FE01ADD87602763 /* AutoLayoutDemo-Debug.app */ = {isa = PBXFileReference; explicitFileType = wrapper.application; includeInIndex = 0; path = "AutoLayoutDemo-Debug.app"; sourceTree = BUILT_PRODUCTS_DIR; };
		5BF711551780CC1023B818B7 /* Images.xcassets */ = {isa = PBXFileReference; includeInIndex = 1; lastKnownFileType = folder.assetcatalog; path = Images.xcassets; sourceTree = "<group>"; };
		89D708FDD0187D9EA8ED51FA /* Foundation.framework */ = {isa = PBXFileReference; lastKnownFileType = wrapper.framework; name = Foundation.framework; path = Platforms/iPhoneOS.platform/Developer/SDKs/iPhoneOS7.1.sdk/System/Library/Frameworks/Foundation.framework; sourceTree = DEVELOPER_DIR; };
		986F3DEBB7D39DA9D82F0F52 /* AutoLayoutDemo-Debug.xctest */ = {isa = PBXFileReference; explicitFileType = wrapper.cfbundle; includeInIndex = 0; path = "AutoLayoutDemo-Debug.xctest"; sourceTree = BUILT_PRODUCTS_DIR; };
		9D7BB0B4C73E1E64C0A3FA4F /* Pods_AutoLayoutDemo.framework */ = {isa = PBXFileReference; explicitFileType = wrapper.framework; includeInIndex = 0; path = Pods_AutoLayoutDemo.framework; sourceTree = BUILT_PRODUCTS_DIR; };
		B0FA2681E1D5029802B2DE17 /* Pods-AutoLayoutDemo.release.xcconfig */ = {isa = PBXFileReference; includeInIndex = 1; lastKnownFileType = text.xcconfig; name = "Pods-AutoLayoutDemo.release.xcconfig"; path = "Pods/Target Support Files/Pods-AutoLayoutDemo/Pods-AutoLayoutDemo.release.xcconfig"; sourceTree = "<group>"; };
		BEFD45FD22EA862E3D11632F /* Pods-AutoLayoutDemo.debug.xcconfig */ = {isa = PBXFileReference; includeInIndex = 1; lastKnownFileType = text.xcconfig; name = "Pods-AutoLayoutDemo.debug.xcconfig"; path = "Pods/Target Support Files/Pods-AutoLayoutDemo/Pods-AutoLayoutDemo.debug.xcconfig"; sourceTree = "<group>"; };
		CE966D0D512B72C5A3914DB7 /* AppDelegate.swift */ = {isa = PBXFileReference; includeInIndex = 1; lastKnownFileType = sourcecode.swift; path = AppDelegate.swift; sourceTree = "<group>"; };
		D0009D2F3B6F1410A22A4E6B /* Pods.framework */ = {isa = PBXFileReference; explicitFileType = wrapper.framework; includeInIndex = 0; path = Pods.framework; sourceTree = BUILT_PRODUCTS_DIR; };
		D99E51E31CF8D11900B8E405 /* ALMenuViewController.swift */ = {isa = PBXFileReference; fileEncoding = 4; lastKnownFileType = sourcecode.swift; name = ALMenuViewController.swift; path = Menu/ALMenuViewController.swift; sourceTree = "<group>"; };
		D99E51E41CF8D11900B8E405 /* ALMenuViewController.xib */ = {isa = PBXFileReference; fileEncoding = 4; lastKnownFileType = file.xib; name = ALMenuViewController.xib; path = Menu/ALMenuViewController.xib; sourceTree = "<group>"; };
		D99E51E81CF8D13300B8E405 /* ALPromptViewController.swift */ = {isa = PBXFileReference; fileEncoding = 4; lastKnownFileType = sourcecode.swift; name = ALPromptViewController.swift; path = Prompt/ALPromptViewController.swift; sourceTree = "<group>"; };
		D99E51E91CF8D13300B8E405 /* ALPromptViewController.xib */ = {isa = PBXFileReference; fileEncoding = 4; lastKnownFileType = file.xib; name = ALPromptViewController.xib; path = Prompt/ALPromptViewController.xib; sourceTree = "<group>"; };
		D99E51F21CF8E20200B8E405 /* ALMenuLabelView.swift */ = {isa = PBXFileReference; fileEncoding = 4; lastKnownFileType = sourcecode.swift; path = ALMenuLabelView.swift; sourceTree = "<group>"; };
		D99E51F31CF8E20200B8E405 /* ALMenuLabelView.xib */ = {isa = PBXFileReference; fileEncoding = 4; lastKnownFileType = file.xib; path = ALMenuLabelView.xib; sourceTree = "<group>"; };
		D9D1E1931CF69517009C280D /* ALRootVIewController.swift */ = {isa = PBXFileReference; fileEncoding = 4; lastKnownFileType = sourcecode.swift; name = ALRootVIewController.swift; path = Root/ALRootVIewController.swift; sourceTree = "<group>"; };
		D9D1E1941CF69517009C280D /* ALRootVIewController.xib */ = {isa = PBXFileReference; fileEncoding = 4; lastKnownFileType = file.xib; name = ALRootVIewController.xib; path = Root/ALRootVIewController.xib; sourceTree = "<group>"; };
/* End PBXFileReference section */

/* Begin PBXFrameworksBuildPhase section */
		11B9C104B29F1633A7035344 /* Frameworks */ = {
			isa = PBXFrameworksBuildPhase;
			buildActionMask = 2147483647;
			files = (
			);
			runOnlyForDeploymentPostprocessing = 0;
		};
		65F5865AE7FFCF278058D67C /* Frameworks */ = {
			isa = PBXFrameworksBuildPhase;
			buildActionMask = 2147483647;
			files = (
				43DD62C87658BB893376A014 /* Foundation.framework in Frameworks */,
				C7562741D8E5D170B5A0B208 /* Pods_AutoLayoutDemo.framework in Frameworks */,
			);
			runOnlyForDeploymentPostprocessing = 0;
		};
/* End PBXFrameworksBuildPhase section */

/* Begin PBXGroup section */
		0991C13C3C6F99B90ED30DFC /* Views */ = {
			isa = PBXGroup;
			children = (
				D99E51F11CF8E20200B8E405 /* Menu */,
			);
			path = Views;
			sourceTree = "<group>";
		};
		360C351F2081B9C6EEDC4A5F /* Resources */ = {
			isa = PBXGroup;
			children = (
				01DBECF09ECC791F882F7CBA /* UnitTests-Info.plist */,
			);
			path = Resources;
			sourceTree = "<group>";
		};
		449B59A5F4C188053C83668B /* Tests */ = {
			isa = PBXGroup;
			children = (
			);
			path = Tests;
			sourceTree = "<group>";
		};
		4C8711BBDCB8597B8046861F /* Models */ = {
			isa = PBXGroup;
			children = (
			);
			path = Models;
			sourceTree = "<group>";
		};
		54AB8CC6E48E4C1A0C4591AF = {
			isa = PBXGroup;
			children = (
				76C14C7D9D293F1FDB3FAB35 /* AutoLayoutDemo */,
				EF69BF8169E862B22F055D48 /* UnitTests */,
				94B66835FAD462AA334460DB /* Frameworks */,
				6C79F3F3E8B0B08EF5C908DF /* Products */,
				A002173FF5D3F24C9A43BAEE /* Pods */,
			);
			indentWidth = 4;
			sourceTree = "<group>";
			tabWidth = 4;
			usesTabs = 0;
		};
		6C79F3F3E8B0B08EF5C908DF /* Products */ = {
			isa = PBXGroup;
			children = (
				52126C262FE01ADD87602763 /* AutoLayoutDemo-Debug.app */,
				986F3DEBB7D39DA9D82F0F52 /* AutoLayoutDemo-Debug.xctest */,
			);
			name = Products;
			sourceTree = "<group>";
		};
		76C14C7D9D293F1FDB3FAB35 /* AutoLayoutDemo */ = {
			isa = PBXGroup;
			children = (
				E01A6351FFC8FF76CC3CA28D /* Extensions */,
				FB7990E82AD428A2A65B0F6C /* Networking */,
				4C8711BBDCB8597B8046861F /* Models */,
				8A1E6D95B28E31E4FA70AECF /* ViewModels */,
				7F598EFC4C3E6FE3A12C7352 /* Controllers */,
				0991C13C3C6F99B90ED30DFC /* Views */,
				80F16DC681A0B45CFA59002A /* Resources */,
			);
			path = AutoLayoutDemo;
			sourceTree = "<group>";
		};
		7B71AE030FE84EC2F8E885F6 /* Nibs */ = {
			isa = PBXGroup;
			children = (
				0FEFB1060BC1878178CA633D /* LaunchScreen.xib */,
			);
			path = Nibs;
			sourceTree = "<group>";
		};
		7F598EFC4C3E6FE3A12C7352 /* Controllers */ = {
			isa = PBXGroup;
			children = (
				CE966D0D512B72C5A3914DB7 /* AppDelegate.swift */,
				D99E51E71CF8D12000B8E405 /* Prompt */,
				D99E51E21CF8D0F200B8E405 /* Menu */,
				D9D1E1921CF694C3009C280D /* Root */,
			);
			path = Controllers;
			sourceTree = "<group>";
		};
		80F16DC681A0B45CFA59002A /* Resources */ = {
			isa = PBXGroup;
			children = (
				5BF711551780CC1023B818B7 /* Images.xcassets */,
				7B71AE030FE84EC2F8E885F6 /* Nibs */,
				94EC993A3983729BADADAC95 /* Other-Sources */,
			);
			path = Resources;
			sourceTree = "<group>";
		};
		856B898612639A4AF5B22985 /* iOS */ = {
			isa = PBXGroup;
			children = (
				89D708FDD0187D9EA8ED51FA /* Foundation.framework */,
			);
			name = iOS;
			sourceTree = "<group>";
		};
		8A1E6D95B28E31E4FA70AECF /* ViewModels */ = {
			isa = PBXGroup;
			children = (
			);
			path = ViewModels;
			sourceTree = "<group>";
		};
		94B66835FAD462AA334460DB /* Frameworks */ = {
			isa = PBXGroup;
			children = (
				856B898612639A4AF5B22985 /* iOS */,
				D0009D2F3B6F1410A22A4E6B /* Pods.framework */,
				9D7BB0B4C73E1E64C0A3FA4F /* Pods_AutoLayoutDemo.framework */,
			);
			name = Frameworks;
			sourceTree = "<group>";
		};
		94EC993A3983729BADADAC95 /* Other-Sources */ = {
			isa = PBXGroup;
			children = (
				3FE4D5EF4ECB8C4C167DDBF1 /* Info.plist */,
			);
			path = "Other-Sources";
			sourceTree = "<group>";
		};
		A002173FF5D3F24C9A43BAEE /* Pods */ = {
			isa = PBXGroup;
			children = (
				B0FA2681E1D5029802B2DE17 /* Pods-AutoLayoutDemo.release.xcconfig */,
				4A8D2832179BD75DCD73B475 /* Pods-AutoLayoutDemo.staging.xcconfig */,
				BEFD45FD22EA862E3D11632F /* Pods-AutoLayoutDemo.debug.xcconfig */,
			);
			name = Pods;
			sourceTree = "<group>";
		};
		C7B9659A22F55274CB59A3EF /* Helpers */ = {
			isa = PBXGroup;
			children = (
			);
			path = Helpers;
			sourceTree = "<group>";
		};
		D99E51E21CF8D0F200B8E405 /* Menu */ = {
			isa = PBXGroup;
			children = (
				D99E51E31CF8D11900B8E405 /* ALMenuViewController.swift */,
				D99E51E41CF8D11900B8E405 /* ALMenuViewController.xib */,
			);
			name = Menu;
			sourceTree = "<group>";
		};
		D99E51E71CF8D12000B8E405 /* Prompt */ = {
			isa = PBXGroup;
			children = (
				D99E51E81CF8D13300B8E405 /* ALPromptViewController.swift */,
				D99E51E91CF8D13300B8E405 /* ALPromptViewController.xib */,
			);
			name = Prompt;
			sourceTree = "<group>";
		};
		D99E51F11CF8E20200B8E405 /* Menu */ = {
			isa = PBXGroup;
			children = (
				D99E51F21CF8E20200B8E405 /* ALMenuLabelView.swift */,
				D99E51F31CF8E20200B8E405 /* ALMenuLabelView.xib */,
			);
			path = Menu;
			sourceTree = "<group>";
		};
		D9D1E1921CF694C3009C280D /* Root */ = {
			isa = PBXGroup;
			children = (
				D9D1E1931CF69517009C280D /* ALRootVIewController.swift */,
				D9D1E1941CF69517009C280D /* ALRootVIewController.xib */,
			);
			name = Root;
			sourceTree = "<group>";
		};
		E01A6351FFC8FF76CC3CA28D /* Extensions */ = {
			isa = PBXGroup;
			children = (
			);
			path = Extensions;
			sourceTree = "<group>";
		};
		EF69BF8169E862B22F055D48 /* UnitTests */ = {
			isa = PBXGroup;
			children = (
				360C351F2081B9C6EEDC4A5F /* Resources */,
				C7B9659A22F55274CB59A3EF /* Helpers */,
				449B59A5F4C188053C83668B /* Tests */,
			);
			path = UnitTests;
			sourceTree = "<group>";
		};
		FB7990E82AD428A2A65B0F6C /* Networking */ = {
			isa = PBXGroup;
			children = (
			);
			path = Networking;
			sourceTree = "<group>";
		};
/* End PBXGroup section */

/* Begin PBXNativeTarget section */
		3824D5051936220F1CE49985 /* AutoLayoutDemo */ = {
			isa = PBXNativeTarget;
			buildConfigurationList = 032A17F08D4F3686BF48908F /* Build configuration list for PBXNativeTarget "AutoLayoutDemo" */;
			buildPhases = (
				4BBC7CCA77B574238FA893D4 /* 📦 Check Pods Manifest.lock */,
				CE5A3935F2A09E80F3F830E8 /* Sources */,
				65F5865AE7FFCF278058D67C /* Frameworks */,
				0B62953C454FB72507B28A8B /* Resources */,
				411A4E2C6488E51F7FAEEEFE /* Warn for TODO and FIXME comments */,
				B67731B53501107EACE7BCDF /* Objective-Clean */,
				6872935F581493DC402ED79B /* 📦 Embed Pods Frameworks */,
				0F2D6185B924190493C7271D /* 📦 Copy Pods Resources */,
			);
			buildRules = (
			);
			dependencies = (
			);
			name = AutoLayoutDemo;
			productName = AutoLayoutDemo;
			productReference = 52126C262FE01ADD87602763 /* AutoLayoutDemo-Debug.app */;
			productType = "com.apple.product-type.application";
		};
		E5E0D56D6719A76DC8E4942D /* UnitTests */ = {
			isa = PBXNativeTarget;
			buildConfigurationList = 4363D3DC9725194B43B90585 /* Build configuration list for PBXNativeTarget "UnitTests" */;
			buildPhases = (
				C08CE7937C6AE4227F670779 /* Sources */,
				11B9C104B29F1633A7035344 /* Frameworks */,
				AD1B08CA630911E7E24C5045 /* Resources */,
			);
			buildRules = (
			);
			dependencies = (
				233E5D70CBDE8E0740C013B1 /* PBXTargetDependency */,
			);
			name = UnitTests;
			productName = UnitTests;
			productReference = 986F3DEBB7D39DA9D82F0F52 /* AutoLayoutDemo-Debug.xctest */;
			productType = "com.apple.product-type.bundle.unit-test";
		};
/* End PBXNativeTarget section */

/* Begin PBXProject section */
		982F2A2515DAE08B74F245DA /* Project object */ = {
			isa = PBXProject;
			attributes = {
				CLASSPREFIX = AL;
				LastSwiftUpdateCheck = 0730;
				LastUpgradeCheck = 0510;
				ORGANIZATIONNAME = "Intrepid-Pursuits";
			};
			buildConfigurationList = 636DC1D26B419FE3E2F0C251 /* Build configuration list for PBXProject "AutoLayoutDemo" */;
			compatibilityVersion = "Xcode 3.2";
			developmentRegion = English;
			hasScannedForEncodings = 0;
			knownRegions = (
				en,
			);
			mainGroup = 54AB8CC6E48E4C1A0C4591AF;
			productRefGroup = 6C79F3F3E8B0B08EF5C908DF /* Products */;
			projectDirPath = "";
			projectRoot = "";
			targets = (
				3824D5051936220F1CE49985 /* AutoLayoutDemo */,
				E5E0D56D6719A76DC8E4942D /* UnitTests */,
			);
		};
/* End PBXProject section */

/* Begin PBXResourcesBuildPhase section */
		0B62953C454FB72507B28A8B /* Resources */ = {
			isa = PBXResourcesBuildPhase;
			buildActionMask = 2147483647;
			files = (
				33EC99E53DF476E306184EA0 /* Images.xcassets in Resources */,
				D99E51EB1CF8D13300B8E405 /* ALPromptViewController.xib in Resources */,
				D99E51E61CF8D11900B8E405 /* ALMenuViewController.xib in Resources */,
				D99E51F51CF8E20200B8E405 /* ALMenuLabelView.xib in Resources */,
				D9D1E1961CF69517009C280D /* ALRootVIewController.xib in Resources */,
			);
			runOnlyForDeploymentPostprocessing = 0;
		};
		AD1B08CA630911E7E24C5045 /* Resources */ = {
			isa = PBXResourcesBuildPhase;
			buildActionMask = 2147483647;
			files = (
			);
			runOnlyForDeploymentPostprocessing = 0;
		};
/* End PBXResourcesBuildPhase section */

/* Begin PBXShellScriptBuildPhase section */
		0F2D6185B924190493C7271D /* 📦 Copy Pods Resources */ = {
			isa = PBXShellScriptBuildPhase;
			buildActionMask = 2147483647;
			files = (
			);
			inputPaths = (
			);
			name = "📦 Copy Pods Resources";
			outputPaths = (
			);
			runOnlyForDeploymentPostprocessing = 0;
			shellPath = /bin/sh;
			shellScript = "\"${SRCROOT}/Pods/Target Support Files/Pods-AutoLayoutDemo/Pods-AutoLayoutDemo-resources.sh\"\n";
			showEnvVarsInLog = 0;
		};
		411A4E2C6488E51F7FAEEEFE /* Warn for TODO and FIXME comments */ = {
			isa = PBXShellScriptBuildPhase;
			buildActionMask = 2147483647;
			files = (
			);
			inputPaths = (
			);
			name = "Warn for TODO and FIXME comments";
			outputPaths = (
			);
			runOnlyForDeploymentPostprocessing = 0;
			shellPath = /bin/sh;
			shellScript = "KEYWORDS=\"TODO:|FIXME:|\\?\\?\\?:|\\!\\!\\!:\"\nFILE_EXTENSIONS=\"swift|h|m|mm|c|cpp\"\nfind -E \"${SRCROOT}\" -ipath \"${SRCROOT}/Carthage\" -o -ipath \"${SRCROOT}/pods\" -prune -o \\( -regex \".*\\.($FILE_EXTENSIONS)$\" \\) -print0 | xargs -0 egrep --with-filename --line-number --only-matching \"($KEYWORDS).*\\$\" | perl -p -e \"s/($KEYWORDS)/ warning: \\$1/\"\n";
		};
		4BBC7CCA77B574238FA893D4 /* 📦 Check Pods Manifest.lock */ = {
			isa = PBXShellScriptBuildPhase;
			buildActionMask = 2147483647;
			files = (
			);
			inputPaths = (
			);
			name = "📦 Check Pods Manifest.lock";
			outputPaths = (
			);
			runOnlyForDeploymentPostprocessing = 0;
			shellPath = /bin/sh;
			shellScript = "diff \"${PODS_ROOT}/../Podfile.lock\" \"${PODS_ROOT}/Manifest.lock\" > /dev/null\nif [[ $? != 0 ]] ; then\n    cat << EOM\nerror: The sandbox is not in sync with the Podfile.lock. Run 'pod install' or update your CocoaPods installation.\nEOM\n    exit 1\nfi\n";
			showEnvVarsInLog = 0;
		};
		6872935F581493DC402ED79B /* 📦 Embed Pods Frameworks */ = {
			isa = PBXShellScriptBuildPhase;
			buildActionMask = 2147483647;
			files = (
			);
			inputPaths = (
			);
			name = "📦 Embed Pods Frameworks";
			outputPaths = (
			);
			runOnlyForDeploymentPostprocessing = 0;
			shellPath = /bin/sh;
			shellScript = "\"${SRCROOT}/Pods/Target Support Files/Pods-AutoLayoutDemo/Pods-AutoLayoutDemo-frameworks.sh\"\n";
			showEnvVarsInLog = 0;
		};
		B67731B53501107EACE7BCDF /* Objective-Clean */ = {
			isa = PBXShellScriptBuildPhase;
			buildActionMask = 2147483647;
			files = (
			);
			inputPaths = (
			);
			name = "Objective-Clean";
			outputPaths = (
			);
			runOnlyForDeploymentPostprocessing = 0;
			shellPath = /bin/sh;
			shellScript = "if [[ -z ${SKIP_OBJCLEAN} || ${SKIP_OBJCLEAN} != 1 ]]; then\nif [[ -d \"${LOCAL_APPS_DIR}/Objective-Clean.app\" ]]; then\n\"${LOCAL_APPS_DIR}\"/Objective-Clean.app/Contents/Resources/ObjClean.app/Contents/MacOS/ObjClean \"${SRCROOT}\"\nelse\necho \"warning: You have to install and set up Objective-Clean to use its features!\"\nfi\nfi";
		};
/* End PBXShellScriptBuildPhase section */

/* Begin PBXSourcesBuildPhase section */
		C08CE7937C6AE4227F670779 /* Sources */ = {
			isa = PBXSourcesBuildPhase;
			buildActionMask = 2147483647;
			files = (
			);
			runOnlyForDeploymentPostprocessing = 0;
		};
		CE5A3935F2A09E80F3F830E8 /* Sources */ = {
			isa = PBXSourcesBuildPhase;
			buildActionMask = 2147483647;
			files = (
				052301ADA4EF43D178BFB41D /* AppDelegate.swift in Sources */,
				D99E51F41CF8E20200B8E405 /* ALMenuLabelView.swift in Sources */,
				D9D1E1951CF69517009C280D /* ALRootVIewController.swift in Sources */,
				D99E51E51CF8D11900B8E405 /* ALMenuViewController.swift in Sources */,
				1EBF0B6323FC7E628852E733 /* LaunchScreen.xib in Sources */,
				D99E51EA1CF8D13300B8E405 /* ALPromptViewController.swift in Sources */,
			);
			runOnlyForDeploymentPostprocessing = 0;
		};
/* End PBXSourcesBuildPhase section */

/* Begin PBXTargetDependency section */
		233E5D70CBDE8E0740C013B1 /* PBXTargetDependency */ = {
			isa = PBXTargetDependency;
			target = 3824D5051936220F1CE49985 /* AutoLayoutDemo */;
			targetProxy = 0251B45543D0B87379E46B2A /* PBXContainerItemProxy */;
		};
/* End PBXTargetDependency section */

/* Begin XCBuildConfiguration section */
		00C1DD30413094BF3AF13725 /* Staging */ = {
			isa = XCBuildConfiguration;
			buildSettings = {
				COMPRESS_PNG_FILES = NO;
				FRAMEWORK_SEARCH_PATHS = (
					"$(SDKROOT)/Developer/Library/Frameworks",
					"$(inherited)",
					"$(DEVELOPER_FRAMEWORKS_DIR)",
				);
				GCC_PREPROCESSOR_DEFINITIONS = (
					"RELEASE=0",
					"STAGING=1",
					"DEBUG=0",
					"$(inherited)",
				);
				INFOPLIST_FILE = "UnitTests/Resources/UnitTests-Info.plist";
				PRODUCT_NAME = "AutoLayoutDemo-Staging";
				SDKROOT = iphoneos;
				SKIP_INSTALL = YES;
				TEST_HOST = "$(BUNDLE_LOADER)";
				WRAPPER_EXTENSION = xctest;
			};
			name = Staging;
		};
		0ECAD30A64402A27825BBB43 /* Staging */ = {
			isa = XCBuildConfiguration;
			buildSettings = {
				ALWAYS_SEARCH_USER_PATHS = NO;
				ASSETCATALOG_COMPILER_APPICON_NAME = AppIcon;
				CLANG_CXX_LANGUAGE_STANDARD = "gnu++0x";
				CLANG_CXX_LIBRARY = "libc++";
				CLANG_ENABLE_MODULES = YES;
				CLANG_ENABLE_OBJC_ARC = YES;
				CLANG_WARN_BOOL_CONVERSION = YES;
				CLANG_WARN_CONSTANT_CONVERSION = YES;
				CLANG_WARN_DEPRECATED_OBJC_IMPLEMENTATIONS = YES;
				CLANG_WARN_DIRECT_OBJC_ISA_USAGE = YES;
				CLANG_WARN_EMPTY_BODY = YES;
				CLANG_WARN_ENUM_CONVERSION = YES;
				CLANG_WARN_IMPLICIT_SIGN_CONVERSION = YES;
				CLANG_WARN_INT_CONVERSION = YES;
				CLANG_WARN_OBJC_IMPLICIT_RETAIN_SELF = YES;
				CLANG_WARN_OBJC_ROOT_CLASS = YES;
				CLANG_WARN_SUSPICIOUS_IMPLICIT_CONVERSION = YES;
				"CODE_SIGN_IDENTITY[sdk=iphoneos*]" = "iPhone Developer";
				COMPRESS_PNG_FILES = NO;
				COPY_PHASE_STRIP = YES;
				GCC_C_LANGUAGE_STANDARD = gnu99;
				GCC_DYNAMIC_NO_PIC = NO;
				GCC_OPTIMIZATION_LEVEL = 0;
				GCC_PREPROCESSOR_DEFINITIONS = (
					"RELEASE=0",
					"STAGING=1",
					"DEBUG=0",
				);
				GCC_SYMBOLS_PRIVATE_EXTERN = NO;
				GCC_WARN_64_TO_32_BIT_CONVERSION = YES;
				GCC_WARN_ABOUT_DEPRECATED_FUNCTIONS = YES;
				GCC_WARN_ABOUT_MISSING_FIELD_INITIALIZERS = YES;
				GCC_WARN_ABOUT_MISSING_NEWLINE = YES;
				GCC_WARN_ABOUT_RETURN_TYPE = YES;
				GCC_WARN_CHECK_SWITCH_STATEMENTS = YES;
				GCC_WARN_INITIALIZER_NOT_FULLY_BRACKETED = YES;
				GCC_WARN_MISSING_PARENTHESES = YES;
				GCC_WARN_SHADOW = YES;
				GCC_WARN_SIGN_COMPARE = YES;
				GCC_WARN_TYPECHECK_CALLS_TO_PRINTF = YES;
				GCC_WARN_UNDECLARED_SELECTOR = YES;
				GCC_WARN_UNINITIALIZED_AUTOS = YES;
				GCC_WARN_UNUSED_FUNCTION = YES;
				GCC_WARN_UNUSED_LABEL = YES;
				GCC_WARN_UNUSED_VALUE = YES;
				GCC_WARN_UNUSED_VARIABLE = YES;
				IPHONEOS_DEPLOYMENT_TARGET = 8.0;
				ONLY_ACTIVE_ARCH = YES;
				PRODUCT_NAME = "AutoLayoutDemo-Staging";
				RUN_CLANG_STATIC_ANALYZER = YES;
				SDKROOT = iphoneos;
			};
			name = Staging;
		};
		314B2F312AEF398F8B394AC0 /* Release */ = {
			isa = XCBuildConfiguration;
			buildSettings = {
				ALWAYS_SEARCH_USER_PATHS = NO;
				ASSETCATALOG_COMPILER_APPICON_NAME = AppIcon;
				CLANG_CXX_LANGUAGE_STANDARD = "gnu++0x";
				CLANG_CXX_LIBRARY = "libc++";
				CLANG_ENABLE_MODULES = YES;
				CLANG_ENABLE_OBJC_ARC = YES;
				CLANG_WARN_BOOL_CONVERSION = YES;
				CLANG_WARN_CONSTANT_CONVERSION = YES;
				CLANG_WARN_DEPRECATED_OBJC_IMPLEMENTATIONS = YES;
				CLANG_WARN_DIRECT_OBJC_ISA_USAGE = YES;
				CLANG_WARN_EMPTY_BODY = YES;
				CLANG_WARN_ENUM_CONVERSION = YES;
				CLANG_WARN_IMPLICIT_SIGN_CONVERSION = YES;
				CLANG_WARN_INT_CONVERSION = YES;
				CLANG_WARN_OBJC_IMPLICIT_RETAIN_SELF = YES;
				CLANG_WARN_OBJC_ROOT_CLASS = YES;
				CLANG_WARN_SUSPICIOUS_IMPLICIT_CONVERSION = YES;
				"CODE_SIGN_IDENTITY[sdk=iphoneos*]" = "iPhone Developer";
				COMPRESS_PNG_FILES = NO;
				COPY_PHASE_STRIP = NO;
				ENABLE_NS_ASSERTIONS = NO;
				GCC_C_LANGUAGE_STANDARD = gnu99;
				GCC_PREPROCESSOR_DEFINITIONS = (
					"RELEASE=1",
					"STAGING=0",
					"DEBUG=0",
				);
				GCC_WARN_64_TO_32_BIT_CONVERSION = YES;
				GCC_WARN_ABOUT_DEPRECATED_FUNCTIONS = YES;
				GCC_WARN_ABOUT_MISSING_FIELD_INITIALIZERS = YES;
				GCC_WARN_ABOUT_MISSING_NEWLINE = YES;
				GCC_WARN_ABOUT_RETURN_TYPE = YES;
				GCC_WARN_CHECK_SWITCH_STATEMENTS = YES;
				GCC_WARN_INITIALIZER_NOT_FULLY_BRACKETED = YES;
				GCC_WARN_MISSING_PARENTHESES = YES;
				GCC_WARN_SHADOW = YES;
				GCC_WARN_SIGN_COMPARE = YES;
				GCC_WARN_TYPECHECK_CALLS_TO_PRINTF = YES;
				GCC_WARN_UNDECLARED_SELECTOR = YES;
				GCC_WARN_UNINITIALIZED_AUTOS = YES;
				GCC_WARN_UNUSED_FUNCTION = YES;
				GCC_WARN_UNUSED_LABEL = YES;
				GCC_WARN_UNUSED_VALUE = YES;
				GCC_WARN_UNUSED_VARIABLE = YES;
				IPHONEOS_DEPLOYMENT_TARGET = 8.0;
				PRODUCT_NAME = AutoLayoutDemo;
				RUN_CLANG_STATIC_ANALYZER = YES;
				SDKROOT = iphoneos;
				VALIDATE_PRODUCT = YES;
			};
			name = Release;
		};
		3BB7FB41EE6DB9E04F74A9D4 /* Debug */ = {
			isa = XCBuildConfiguration;
			buildSettings = {
				COMPRESS_PNG_FILES = NO;
				FRAMEWORK_SEARCH_PATHS = (
					"$(SDKROOT)/Developer/Library/Frameworks",
					"$(inherited)",
					"$(DEVELOPER_FRAMEWORKS_DIR)",
				);
				GCC_PREPROCESSOR_DEFINITIONS = (
					"RELEASE=0",
					"STAGING=0",
					"DEBUG=1",
					"$(inherited)",
				);
				INFOPLIST_FILE = "UnitTests/Resources/UnitTests-Info.plist";
				PRODUCT_NAME = "AutoLayoutDemo-Debug";
				SDKROOT = iphoneos;
				SKIP_INSTALL = YES;
				TEST_HOST = "$(BUNDLE_LOADER)";
				WRAPPER_EXTENSION = xctest;
			};
			name = Debug;
		};
		45161B7819AC876B10D0FA22 /* Staging */ = {
			isa = XCBuildConfiguration;
			baseConfigurationReference = 4A8D2832179BD75DCD73B475 /* Pods-AutoLayoutDemo.staging.xcconfig */;
			buildSettings = {
				ALWAYS_SEARCH_USER_PATHS = NO;
				COMPRESS_PNG_FILES = NO;
				COPY_PHASE_STRIP = NO;
				DSTROOT = /tmp/xcodeproj.dst;
				GCC_DYNAMIC_NO_PIC = NO;
				GCC_OPTIMIZATION_LEVEL = 0;
				GCC_PRECOMPILE_PREFIX_HEADER = YES;
				GCC_PREPROCESSOR_DEFINITIONS = (
					"RELEASE=0",
					"STAGING=1",
					"DEBUG=0",
				);
				GCC_SYMBOLS_PRIVATE_EXTERN = NO;
				INFOPLIST_FILE = "AutoLayoutDemo/Resources/Other-Sources/Info.plist";
				INSTALL_PATH = "$(BUILT_PRODUCTS_DIR)";
				IPHONEOS_DEPLOYMENT_TARGET = 8.0;
				LD_RUNPATH_SEARCH_PATHS = "$(inherited) @executable_path/Frameworks";
				PRODUCT_NAME = "AutoLayoutDemo-Staging";
				PUBLIC_HEADERS_FOLDER_PATH = "$(TARGET_NAME)";
				SDKROOT = iphoneos;
				SWIFT_OPTIMIZATION_LEVEL = "-Onone";
			};
			name = Staging;
		};
		54CCDE121FC0076DC9F777EB /* Debug */ = {
			isa = XCBuildConfiguration;
			baseConfigurationReference = BEFD45FD22EA862E3D11632F /* Pods-AutoLayoutDemo.debug.xcconfig */;
			buildSettings = {
				ALWAYS_SEARCH_USER_PATHS = NO;
				COMPRESS_PNG_FILES = NO;
				COPY_PHASE_STRIP = NO;
				DSTROOT = /tmp/xcodeproj.dst;
				GCC_DYNAMIC_NO_PIC = NO;
				GCC_OPTIMIZATION_LEVEL = 0;
				GCC_PRECOMPILE_PREFIX_HEADER = YES;
				GCC_PREPROCESSOR_DEFINITIONS = (
					"RELEASE=0",
					"STAGING=0",
					"DEBUG=1",
				);
				GCC_SYMBOLS_PRIVATE_EXTERN = NO;
				INFOPLIST_FILE = "AutoLayoutDemo/Resources/Other-Sources/Info.plist";
				INSTALL_PATH = "$(BUILT_PRODUCTS_DIR)";
				IPHONEOS_DEPLOYMENT_TARGET = 8.0;
				LD_RUNPATH_SEARCH_PATHS = "$(inherited) @executable_path/Frameworks";
				PRODUCT_NAME = "AutoLayoutDemo-Debug";
				PUBLIC_HEADERS_FOLDER_PATH = "$(TARGET_NAME)";
				SDKROOT = iphoneos;
				SWIFT_OPTIMIZATION_LEVEL = "-Onone";
			};
			name = Debug;
		};
		5562A145AF0E8DD9322E07A5 /* Debug */ = {
			isa = XCBuildConfiguration;
			buildSettings = {
				ALWAYS_SEARCH_USER_PATHS = NO;
				ASSETCATALOG_COMPILER_APPICON_NAME = AppIcon;
				CLANG_CXX_LANGUAGE_STANDARD = "gnu++0x";
				CLANG_CXX_LIBRARY = "libc++";
				CLANG_ENABLE_MODULES = YES;
				CLANG_ENABLE_OBJC_ARC = YES;
				CLANG_WARN_BOOL_CONVERSION = YES;
				CLANG_WARN_CONSTANT_CONVERSION = YES;
				CLANG_WARN_DEPRECATED_OBJC_IMPLEMENTATIONS = YES;
				CLANG_WARN_DIRECT_OBJC_ISA_USAGE = YES;
				CLANG_WARN_EMPTY_BODY = YES;
				CLANG_WARN_ENUM_CONVERSION = YES;
				CLANG_WARN_IMPLICIT_SIGN_CONVERSION = YES;
				CLANG_WARN_INT_CONVERSION = YES;
				CLANG_WARN_OBJC_IMPLICIT_RETAIN_SELF = YES;
				CLANG_WARN_OBJC_ROOT_CLASS = YES;
				CLANG_WARN_SUSPICIOUS_IMPLICIT_CONVERSION = YES;
				"CODE_SIGN_IDENTITY[sdk=iphoneos*]" = "iPhone Developer";
				COMPRESS_PNG_FILES = NO;
				COPY_PHASE_STRIP = YES;
				GCC_C_LANGUAGE_STANDARD = gnu99;
				GCC_DYNAMIC_NO_PIC = NO;
				GCC_OPTIMIZATION_LEVEL = 0;
				GCC_PREPROCESSOR_DEFINITIONS = (
					"RELEASE=0",
					"STAGING=0",
					"DEBUG=1",
				);
				GCC_SYMBOLS_PRIVATE_EXTERN = NO;
				GCC_WARN_64_TO_32_BIT_CONVERSION = YES;
				GCC_WARN_ABOUT_DEPRECATED_FUNCTIONS = YES;
				GCC_WARN_ABOUT_MISSING_FIELD_INITIALIZERS = YES;
				GCC_WARN_ABOUT_MISSING_NEWLINE = YES;
				GCC_WARN_ABOUT_RETURN_TYPE = YES;
				GCC_WARN_CHECK_SWITCH_STATEMENTS = YES;
				GCC_WARN_INITIALIZER_NOT_FULLY_BRACKETED = YES;
				GCC_WARN_MISSING_PARENTHESES = YES;
				GCC_WARN_SHADOW = YES;
				GCC_WARN_SIGN_COMPARE = YES;
				GCC_WARN_TYPECHECK_CALLS_TO_PRINTF = YES;
				GCC_WARN_UNDECLARED_SELECTOR = YES;
				GCC_WARN_UNINITIALIZED_AUTOS = YES;
				GCC_WARN_UNUSED_FUNCTION = YES;
				GCC_WARN_UNUSED_LABEL = YES;
				GCC_WARN_UNUSED_VALUE = YES;
				GCC_WARN_UNUSED_VARIABLE = YES;
				IPHONEOS_DEPLOYMENT_TARGET = 8.0;
				ONLY_ACTIVE_ARCH = YES;
				PRODUCT_NAME = "AutoLayoutDemo-Debug";
				RUN_CLANG_STATIC_ANALYZER = YES;
				SDKROOT = iphoneos;
			};
			name = Debug;
		};
		7020FEAC29F4579F2D9D114E /* Release */ = {
			isa = XCBuildConfiguration;
			buildSettings = {
				COMPRESS_PNG_FILES = NO;
				FRAMEWORK_SEARCH_PATHS = (
					"$(SDKROOT)/Developer/Library/Frameworks",
					"$(inherited)",
					"$(DEVELOPER_FRAMEWORKS_DIR)",
				);
				GCC_PREPROCESSOR_DEFINITIONS = (
					"RELEASE=1",
					"STAGING=0",
					"DEBUG=0",
					"$(inherited)",
				);
				INFOPLIST_FILE = "UnitTests/Resources/UnitTests-Info.plist";
				PRODUCT_NAME = AutoLayoutDemo;
				SDKROOT = iphoneos;
				SKIP_INSTALL = YES;
				TEST_HOST = "$(BUNDLE_LOADER)";
				WRAPPER_EXTENSION = xctest;
			};
			name = Release;
		};
		F6E3D1BC2CF5F28EB3B89183 /* Release */ = {
			isa = XCBuildConfiguration;
			baseConfigurationReference = B0FA2681E1D5029802B2DE17 /* Pods-AutoLayoutDemo.release.xcconfig */;
			buildSettings = {
				ALWAYS_SEARCH_USER_PATHS = NO;
				COMPRESS_PNG_FILES = NO;
				COPY_PHASE_STRIP = YES;
				DSTROOT = /tmp/xcodeproj.dst;
				GCC_OPTIMIZATION_LEVEL = s;
				GCC_PRECOMPILE_PREFIX_HEADER = YES;
				GCC_PREPROCESSOR_DEFINITIONS = (
					"RELEASE=1",
					"STAGING=0",
					"DEBUG=0",
				);
				INFOPLIST_FILE = "AutoLayoutDemo/Resources/Other-Sources/Info.plist";
				INSTALL_PATH = "$(BUILT_PRODUCTS_DIR)";
				IPHONEOS_DEPLOYMENT_TARGET = 8.0;
				LD_RUNPATH_SEARCH_PATHS = "$(inherited) @executable_path/Frameworks";
				OTHER_CFLAGS = (
					"-DNS_BLOCK_ASSERTIONS=1",
					"$(inherited)",
				);
				OTHER_CPLUSPLUSFLAGS = (
					"-DNS_BLOCK_ASSERTIONS=1",
					"$(inherited)",
				);
				PRODUCT_NAME = AutoLayoutDemo;
				PUBLIC_HEADERS_FOLDER_PATH = "$(TARGET_NAME)";
				SDKROOT = iphoneos;
				VALIDATE_PRODUCT = YES;
			};
			name = Release;
		};
/* End XCBuildConfiguration section */

/* Begin XCConfigurationList section */
		032A17F08D4F3686BF48908F /* Build configuration list for PBXNativeTarget "AutoLayoutDemo" */ = {
			isa = XCConfigurationList;
			buildConfigurations = (
				F6E3D1BC2CF5F28EB3B89183 /* Release */,
				45161B7819AC876B10D0FA22 /* Staging */,
				54CCDE121FC0076DC9F777EB /* Debug */,
			);
			defaultConfigurationIsVisible = 0;
			defaultConfigurationName = Debug;
		};
		4363D3DC9725194B43B90585 /* Build configuration list for PBXNativeTarget "UnitTests" */ = {
			isa = XCConfigurationList;
			buildConfigurations = (
				7020FEAC29F4579F2D9D114E /* Release */,
				00C1DD30413094BF3AF13725 /* Staging */,
				3BB7FB41EE6DB9E04F74A9D4 /* Debug */,
			);
			defaultConfigurationIsVisible = 0;
			defaultConfigurationName = Debug;
		};
		636DC1D26B419FE3E2F0C251 /* Build configuration list for PBXProject "AutoLayoutDemo" */ = {
			isa = XCConfigurationList;
			buildConfigurations = (
				314B2F312AEF398F8B394AC0 /* Release */,
				0ECAD30A64402A27825BBB43 /* Staging */,
				5562A145AF0E8DD9322E07A5 /* Debug */,
			);
			defaultConfigurationIsVisible = 0;
			defaultConfigurationName = Debug;
		};
/* End XCConfigurationList section */
	};
	rootObject = 982F2A2515DAE08B74F245DA /* Project object */;
}
