<?xml version="1.0" encoding="UTF-8"?>
<!DOCTYPE plist PUBLIC "-//Apple//DTD PLIST 1.0//EN" "http://www.apple.com/DTDs/PropertyList-1.0.dtd">
<plist version="1.0">
<dict>
	<key>archiveVersion</key>
	<string>1</string>
	<key>classes</key>
	<dict/>
	<key>objectVersion</key>
	<string>46</string>
	<key>objects</key>
	<dict>
		<key>00C1DD30413094BF3AF13725</key>
		<dict>
			<key>buildSettings</key>
			<dict>
				<key>COMPRESS_PNG_FILES</key>
				<string>NO</string>
				<key>FRAMEWORK_SEARCH_PATHS</key>
				<array>
					<string>$(SDKROOT)/Developer/Library/Frameworks</string>
					<string>$(inherited)</string>
					<string>$(DEVELOPER_FRAMEWORKS_DIR)</string>
				</array>
				<key>GCC_PREPROCESSOR_DEFINITIONS</key>
				<array>
					<string>RELEASE=0</string>
					<string>STAGING=1</string>
					<string>DEBUG=0</string>
					<string>$(inherited)</string>
				</array>
				<key>INFOPLIST_FILE</key>
				<string>UnitTests/Resources/UnitTests-Info.plist</string>
				<key>PRODUCT_NAME</key>
				<string>AutoLayoutDemo-Staging</string>
				<key>SDKROOT</key>
				<string>iphoneos</string>
				<key>SKIP_INSTALL</key>
				<string>YES</string>
				<key>TEST_HOST</key>
				<string>$(BUNDLE_LOADER)</string>
				<key>WRAPPER_EXTENSION</key>
				<string>xctest</string>
			</dict>
			<key>isa</key>
			<string>XCBuildConfiguration</string>
			<key>name</key>
			<string>Staging</string>
		</dict>
		<key>01DBECF09ECC791F882F7CBA</key>
		<dict>
			<key>includeInIndex</key>
			<string>1</string>
			<key>isa</key>
			<string>PBXFileReference</string>
			<key>lastKnownFileType</key>
			<string>text.plist.xml</string>
			<key>path</key>
			<string>UnitTests-Info.plist</string>
			<key>sourceTree</key>
			<string>&lt;group&gt;</string>
		</dict>
		<key>0251B45543D0B87379E46B2A</key>
		<dict>
			<key>containerPortal</key>
			<string>982F2A2515DAE08B74F245DA</string>
			<key>isa</key>
			<string>PBXContainerItemProxy</string>
			<key>proxyType</key>
			<string>1</string>
			<key>remoteGlobalIDString</key>
			<string>3824D5051936220F1CE49985</string>
			<key>remoteInfo</key>
			<string>AutoLayoutDemo</string>
		</dict>
		<key>032A17F08D4F3686BF48908F</key>
		<dict>
			<key>buildConfigurations</key>
			<array>
				<string>F6E3D1BC2CF5F28EB3B89183</string>
				<string>45161B7819AC876B10D0FA22</string>
				<string>54CCDE121FC0076DC9F777EB</string>
			</array>
			<key>defaultConfigurationIsVisible</key>
			<string>0</string>
			<key>defaultConfigurationName</key>
			<string>Debug</string>
			<key>isa</key>
			<string>XCConfigurationList</string>
		</dict>
		<key>052301ADA4EF43D178BFB41D</key>
		<dict>
			<key>fileRef</key>
			<string>CE966D0D512B72C5A3914DB7</string>
			<key>isa</key>
			<string>PBXBuildFile</string>
		</dict>
		<key>0991C13C3C6F99B90ED30DFC</key>
		<dict>
			<key>children</key>
			<array/>
			<key>isa</key>
			<string>PBXGroup</string>
			<key>path</key>
			<string>Views</string>
			<key>sourceTree</key>
			<string>&lt;group&gt;</string>
		</dict>
		<key>0AA400093E2CD442046AD5A2</key>
		<dict>
			<key>children</key>
			<array>
				<string>C70EE12EC95E718290924C8F</string>
				<string>D8372E4D65FCAA4205681B0A</string>
				<string>59DE4CB40CD18E386307DE3B</string>
			</array>
			<key>isa</key>
			<string>PBXGroup</string>
			<key>name</key>
			<string>Pods</string>
			<key>sourceTree</key>
			<string>&lt;group&gt;</string>
		</dict>
		<key>0B62953C454FB72507B28A8B</key>
		<dict>
			<key>buildActionMask</key>
			<string>2147483647</string>
			<key>files</key>
			<array>
				<string>33EC99E53DF476E306184EA0</string>
				<string>D99E51EB1CF8D13300B8E405</string>
				<string>D99E51E61CF8D11900B8E405</string>
				<string>D9D1E1961CF69517009C280D</string>
			</array>
			<key>isa</key>
			<string>PBXResourcesBuildPhase</string>
			<key>runOnlyForDeploymentPostprocessing</key>
			<string>0</string>
		</dict>
		<key>0ECAD30A64402A27825BBB43</key>
		<dict>
			<key>buildSettings</key>
			<dict>
				<key>ALWAYS_SEARCH_USER_PATHS</key>
				<string>NO</string>
				<key>ASSETCATALOG_COMPILER_APPICON_NAME</key>
				<string>AppIcon</string>
				<key>CLANG_CXX_LANGUAGE_STANDARD</key>
				<string>gnu++0x</string>
				<key>CLANG_CXX_LIBRARY</key>
				<string>libc++</string>
				<key>CLANG_ENABLE_MODULES</key>
				<string>YES</string>
				<key>CLANG_ENABLE_OBJC_ARC</key>
				<string>YES</string>
				<key>CLANG_WARN_BOOL_CONVERSION</key>
				<string>YES</string>
				<key>CLANG_WARN_CONSTANT_CONVERSION</key>
				<string>YES</string>
				<key>CLANG_WARN_DEPRECATED_OBJC_IMPLEMENTATIONS</key>
				<string>YES</string>
				<key>CLANG_WARN_DIRECT_OBJC_ISA_USAGE</key>
				<string>YES</string>
				<key>CLANG_WARN_EMPTY_BODY</key>
				<string>YES</string>
				<key>CLANG_WARN_ENUM_CONVERSION</key>
				<string>YES</string>
				<key>CLANG_WARN_IMPLICIT_SIGN_CONVERSION</key>
				<string>YES</string>
				<key>CLANG_WARN_INT_CONVERSION</key>
				<string>YES</string>
				<key>CLANG_WARN_OBJC_IMPLICIT_RETAIN_SELF</key>
				<string>YES</string>
				<key>CLANG_WARN_OBJC_ROOT_CLASS</key>
				<string>YES</string>
				<key>CLANG_WARN_SUSPICIOUS_IMPLICIT_CONVERSION</key>
				<string>YES</string>
				<key>CODE_SIGN_IDENTITY[sdk=iphoneos*]</key>
				<string>iPhone Developer</string>
				<key>COMPRESS_PNG_FILES</key>
				<string>NO</string>
				<key>COPY_PHASE_STRIP</key>
				<string>YES</string>
				<key>GCC_C_LANGUAGE_STANDARD</key>
				<string>gnu99</string>
				<key>GCC_DYNAMIC_NO_PIC</key>
				<string>NO</string>
				<key>GCC_OPTIMIZATION_LEVEL</key>
				<string>0</string>
				<key>GCC_PREPROCESSOR_DEFINITIONS</key>
				<array>
					<string>RELEASE=0</string>
					<string>STAGING=1</string>
					<string>DEBUG=0</string>
				</array>
				<key>GCC_SYMBOLS_PRIVATE_EXTERN</key>
				<string>NO</string>
				<key>GCC_WARN_64_TO_32_BIT_CONVERSION</key>
				<string>YES</string>
				<key>GCC_WARN_ABOUT_DEPRECATED_FUNCTIONS</key>
				<string>YES</string>
				<key>GCC_WARN_ABOUT_MISSING_FIELD_INITIALIZERS</key>
				<string>YES</string>
				<key>GCC_WARN_ABOUT_MISSING_NEWLINE</key>
				<string>YES</string>
				<key>GCC_WARN_ABOUT_RETURN_TYPE</key>
				<string>YES</string>
				<key>GCC_WARN_CHECK_SWITCH_STATEMENTS</key>
				<string>YES</string>
				<key>GCC_WARN_INITIALIZER_NOT_FULLY_BRACKETED</key>
				<string>YES</string>
				<key>GCC_WARN_MISSING_PARENTHESES</key>
				<string>YES</string>
				<key>GCC_WARN_SHADOW</key>
				<string>YES</string>
				<key>GCC_WARN_SIGN_COMPARE</key>
				<string>YES</string>
				<key>GCC_WARN_TYPECHECK_CALLS_TO_PRINTF</key>
				<string>YES</string>
				<key>GCC_WARN_UNDECLARED_SELECTOR</key>
				<string>YES</string>
				<key>GCC_WARN_UNINITIALIZED_AUTOS</key>
				<string>YES</string>
				<key>GCC_WARN_UNUSED_FUNCTION</key>
				<string>YES</string>
				<key>GCC_WARN_UNUSED_LABEL</key>
				<string>YES</string>
				<key>GCC_WARN_UNUSED_VALUE</key>
				<string>YES</string>
				<key>GCC_WARN_UNUSED_VARIABLE</key>
				<string>YES</string>
				<key>IPHONEOS_DEPLOYMENT_TARGET</key>
				<string>8.0</string>
				<key>ONLY_ACTIVE_ARCH</key>
				<string>YES</string>
				<key>PRODUCT_NAME</key>
				<string>AutoLayoutDemo-Staging</string>
				<key>RUN_CLANG_STATIC_ANALYZER</key>
				<string>YES</string>
				<key>SDKROOT</key>
				<string>iphoneos</string>
			</dict>
			<key>isa</key>
			<string>XCBuildConfiguration</string>
			<key>name</key>
			<string>Staging</string>
		</dict>
		<key>0FEFB1060BC1878178CA633D</key>
		<dict>
			<key>includeInIndex</key>
			<string>1</string>
			<key>isa</key>
			<string>PBXFileReference</string>
			<key>lastKnownFileType</key>
			<string>file.xib</string>
			<key>path</key>
			<string>LaunchScreen.xib</string>
			<key>sourceTree</key>
			<string>&lt;group&gt;</string>
		</dict>
		<key>11B9C104B29F1633A7035344</key>
		<dict>
			<key>buildActionMask</key>
			<string>2147483647</string>
			<key>files</key>
			<array/>
			<key>isa</key>
			<string>PBXFrameworksBuildPhase</string>
			<key>runOnlyForDeploymentPostprocessing</key>
			<string>0</string>
		</dict>
		<key>1C0B2D313E300E947E0EEE35</key>
		<dict>
			<key>buildActionMask</key>
			<string>2147483647</string>
			<key>files</key>
			<array/>
			<key>inputPaths</key>
			<array/>
			<key>isa</key>
			<string>PBXShellScriptBuildPhase</string>
			<key>name</key>
			<string>Copy Pods Resources</string>
			<key>outputPaths</key>
			<array/>
			<key>runOnlyForDeploymentPostprocessing</key>
			<string>0</string>
			<key>shellPath</key>
			<string>/bin/sh</string>
			<key>shellScript</key>
			<string>"${SRCROOT}/Pods/Target Support Files/Pods/Pods-resources.sh"
</string>
			<key>showEnvVarsInLog</key>
			<string>0</string>
		</dict>
		<key>1EBF0B6323FC7E628852E733</key>
		<dict>
			<key>fileRef</key>
			<string>0FEFB1060BC1878178CA633D</string>
			<key>isa</key>
			<string>PBXBuildFile</string>
		</dict>
		<key>233E5D70CBDE8E0740C013B1</key>
		<dict>
			<key>isa</key>
			<string>PBXTargetDependency</string>
			<key>target</key>
			<string>3824D5051936220F1CE49985</string>
			<key>targetProxy</key>
			<string>0251B45543D0B87379E46B2A</string>
		</dict>
		<key>314B2F312AEF398F8B394AC0</key>
		<dict>
			<key>buildSettings</key>
			<dict>
				<key>ALWAYS_SEARCH_USER_PATHS</key>
				<string>NO</string>
				<key>ASSETCATALOG_COMPILER_APPICON_NAME</key>
				<string>AppIcon</string>
				<key>CLANG_CXX_LANGUAGE_STANDARD</key>
				<string>gnu++0x</string>
				<key>CLANG_CXX_LIBRARY</key>
				<string>libc++</string>
				<key>CLANG_ENABLE_MODULES</key>
				<string>YES</string>
				<key>CLANG_ENABLE_OBJC_ARC</key>
				<string>YES</string>
				<key>CLANG_WARN_BOOL_CONVERSION</key>
				<string>YES</string>
				<key>CLANG_WARN_CONSTANT_CONVERSION</key>
				<string>YES</string>
				<key>CLANG_WARN_DEPRECATED_OBJC_IMPLEMENTATIONS</key>
				<string>YES</string>
				<key>CLANG_WARN_DIRECT_OBJC_ISA_USAGE</key>
				<string>YES</string>
				<key>CLANG_WARN_EMPTY_BODY</key>
				<string>YES</string>
				<key>CLANG_WARN_ENUM_CONVERSION</key>
				<string>YES</string>
				<key>CLANG_WARN_IMPLICIT_SIGN_CONVERSION</key>
				<string>YES</string>
				<key>CLANG_WARN_INT_CONVERSION</key>
				<string>YES</string>
				<key>CLANG_WARN_OBJC_IMPLICIT_RETAIN_SELF</key>
				<string>YES</string>
				<key>CLANG_WARN_OBJC_ROOT_CLASS</key>
				<string>YES</string>
				<key>CLANG_WARN_SUSPICIOUS_IMPLICIT_CONVERSION</key>
				<string>YES</string>
				<key>CODE_SIGN_IDENTITY[sdk=iphoneos*]</key>
				<string>iPhone Developer</string>
				<key>COMPRESS_PNG_FILES</key>
				<string>NO</string>
				<key>COPY_PHASE_STRIP</key>
				<string>NO</string>
				<key>ENABLE_NS_ASSERTIONS</key>
				<string>NO</string>
				<key>GCC_C_LANGUAGE_STANDARD</key>
				<string>gnu99</string>
				<key>GCC_PREPROCESSOR_DEFINITIONS</key>
				<array>
					<string>RELEASE=1</string>
					<string>STAGING=0</string>
					<string>DEBUG=0</string>
				</array>
				<key>GCC_WARN_64_TO_32_BIT_CONVERSION</key>
				<string>YES</string>
				<key>GCC_WARN_ABOUT_DEPRECATED_FUNCTIONS</key>
				<string>YES</string>
				<key>GCC_WARN_ABOUT_MISSING_FIELD_INITIALIZERS</key>
				<string>YES</string>
				<key>GCC_WARN_ABOUT_MISSING_NEWLINE</key>
				<string>YES</string>
				<key>GCC_WARN_ABOUT_RETURN_TYPE</key>
				<string>YES</string>
				<key>GCC_WARN_CHECK_SWITCH_STATEMENTS</key>
				<string>YES</string>
				<key>GCC_WARN_INITIALIZER_NOT_FULLY_BRACKETED</key>
				<string>YES</string>
				<key>GCC_WARN_MISSING_PARENTHESES</key>
				<string>YES</string>
				<key>GCC_WARN_SHADOW</key>
				<string>YES</string>
				<key>GCC_WARN_SIGN_COMPARE</key>
				<string>YES</string>
				<key>GCC_WARN_TYPECHECK_CALLS_TO_PRINTF</key>
				<string>YES</string>
				<key>GCC_WARN_UNDECLARED_SELECTOR</key>
				<string>YES</string>
				<key>GCC_WARN_UNINITIALIZED_AUTOS</key>
				<string>YES</string>
				<key>GCC_WARN_UNUSED_FUNCTION</key>
				<string>YES</string>
				<key>GCC_WARN_UNUSED_LABEL</key>
				<string>YES</string>
				<key>GCC_WARN_UNUSED_VALUE</key>
				<string>YES</string>
				<key>GCC_WARN_UNUSED_VARIABLE</key>
				<string>YES</string>
				<key>IPHONEOS_DEPLOYMENT_TARGET</key>
				<string>8.0</string>
				<key>PRODUCT_NAME</key>
				<string>AutoLayoutDemo</string>
				<key>RUN_CLANG_STATIC_ANALYZER</key>
				<string>YES</string>
				<key>SDKROOT</key>
				<string>iphoneos</string>
				<key>VALIDATE_PRODUCT</key>
				<string>YES</string>
			</dict>
			<key>isa</key>
			<string>XCBuildConfiguration</string>
			<key>name</key>
			<string>Release</string>
		</dict>
		<key>33EC99E53DF476E306184EA0</key>
		<dict>
			<key>fileRef</key>
			<string>5BF711551780CC1023B818B7</string>
			<key>isa</key>
			<string>PBXBuildFile</string>
		</dict>
		<key>360C351F2081B9C6EEDC4A5F</key>
		<dict>
			<key>children</key>
			<array>
				<string>01DBECF09ECC791F882F7CBA</string>
			</array>
			<key>isa</key>
			<string>PBXGroup</string>
			<key>path</key>
			<string>Resources</string>
			<key>sourceTree</key>
			<string>&lt;group&gt;</string>
		</dict>
		<key>3824D5051936220F1CE49985</key>
		<dict>
			<key>buildConfigurationList</key>
			<string>032A17F08D4F3686BF48908F</string>
			<key>buildPhases</key>
			<array>
				<string>42E3F38F68B52E6836990D5A</string>
				<string>CE5A3935F2A09E80F3F830E8</string>
				<string>65F5865AE7FFCF278058D67C</string>
				<string>0B62953C454FB72507B28A8B</string>
				<string>411A4E2C6488E51F7FAEEEFE</string>
				<string>B67731B53501107EACE7BCDF</string>
				<string>CA698DB4F523AF3BEB84D155</string>
				<string>1C0B2D313E300E947E0EEE35</string>
			</array>
			<key>buildRules</key>
			<array/>
			<key>dependencies</key>
			<array/>
			<key>isa</key>
			<string>PBXNativeTarget</string>
			<key>name</key>
			<string>AutoLayoutDemo</string>
			<key>productName</key>
			<string>AutoLayoutDemo</string>
			<key>productReference</key>
			<string>52126C262FE01ADD87602763</string>
			<key>productType</key>
			<string>com.apple.product-type.application</string>
		</dict>
		<key>3BB7FB41EE6DB9E04F74A9D4</key>
		<dict>
			<key>buildSettings</key>
			<dict>
				<key>COMPRESS_PNG_FILES</key>
				<string>NO</string>
				<key>FRAMEWORK_SEARCH_PATHS</key>
				<array>
					<string>$(SDKROOT)/Developer/Library/Frameworks</string>
					<string>$(inherited)</string>
					<string>$(DEVELOPER_FRAMEWORKS_DIR)</string>
				</array>
				<key>GCC_PREPROCESSOR_DEFINITIONS</key>
				<array>
					<string>RELEASE=0</string>
					<string>STAGING=0</string>
					<string>DEBUG=1</string>
					<string>$(inherited)</string>
				</array>
				<key>INFOPLIST_FILE</key>
				<string>UnitTests/Resources/UnitTests-Info.plist</string>
				<key>PRODUCT_NAME</key>
				<string>AutoLayoutDemo-Debug</string>
				<key>SDKROOT</key>
				<string>iphoneos</string>
				<key>SKIP_INSTALL</key>
				<string>YES</string>
				<key>TEST_HOST</key>
				<string>$(BUNDLE_LOADER)</string>
				<key>WRAPPER_EXTENSION</key>
				<string>xctest</string>
			</dict>
			<key>isa</key>
			<string>XCBuildConfiguration</string>
			<key>name</key>
			<string>Debug</string>
		</dict>
		<key>3FE4D5EF4ECB8C4C167DDBF1</key>
		<dict>
			<key>includeInIndex</key>
			<string>1</string>
			<key>isa</key>
			<string>PBXFileReference</string>
			<key>lastKnownFileType</key>
			<string>text.plist.xml</string>
			<key>path</key>
			<string>Info.plist</string>
			<key>sourceTree</key>
			<string>&lt;group&gt;</string>
		</dict>
		<key>411A4E2C6488E51F7FAEEEFE</key>
		<dict>
			<key>buildActionMask</key>
			<string>2147483647</string>
			<key>files</key>
			<array/>
			<key>inputPaths</key>
			<array/>
			<key>isa</key>
			<string>PBXShellScriptBuildPhase</string>
			<key>name</key>
			<string>Warn for TODO and FIXME comments</string>
			<key>outputPaths</key>
			<array/>
			<key>runOnlyForDeploymentPostprocessing</key>
			<string>0</string>
			<key>shellPath</key>
			<string>/bin/sh</string>
			<key>shellScript</key>
			<string>KEYWORDS="TODO:|FIXME:|\?\?\?:|\!\!\!:"
FILE_EXTENSIONS="swift|h|m|mm|c|cpp"
find -E "${SRCROOT}" -ipath "${SRCROOT}/Carthage" -o -ipath "${SRCROOT}/pods" -prune -o \( -regex ".*\.($FILE_EXTENSIONS)$" \) -print0 | xargs -0 egrep --with-filename --line-number --only-matching "($KEYWORDS).*\$" | perl -p -e "s/($KEYWORDS)/ warning: \$1/"
</string>
		</dict>
		<key>42E3F38F68B52E6836990D5A</key>
		<dict>
			<key>buildActionMask</key>
			<string>2147483647</string>
			<key>files</key>
			<array/>
			<key>inputPaths</key>
			<array/>
			<key>isa</key>
			<string>PBXShellScriptBuildPhase</string>
			<key>name</key>
			<string>Check Pods Manifest.lock</string>
			<key>outputPaths</key>
			<array/>
			<key>runOnlyForDeploymentPostprocessing</key>
			<string>0</string>
			<key>shellPath</key>
			<string>/bin/sh</string>
			<key>shellScript</key>
			<string>diff "${PODS_ROOT}/../Podfile.lock" "${PODS_ROOT}/Manifest.lock" &gt; /dev/null
if [[ $? != 0 ]] ; then
    cat &lt;&lt; EOM
error: The sandbox is not in sync with the Podfile.lock. Run 'pod install' or update your CocoaPods installation.
EOM
    exit 1
fi
</string>
			<key>showEnvVarsInLog</key>
			<string>0</string>
		</dict>
		<key>4363D3DC9725194B43B90585</key>
		<dict>
			<key>buildConfigurations</key>
			<array>
				<string>7020FEAC29F4579F2D9D114E</string>
				<string>00C1DD30413094BF3AF13725</string>
				<string>3BB7FB41EE6DB9E04F74A9D4</string>
			</array>
			<key>defaultConfigurationIsVisible</key>
			<string>0</string>
			<key>defaultConfigurationName</key>
			<string>Debug</string>
			<key>isa</key>
			<string>XCConfigurationList</string>
		</dict>
		<key>43DD62C87658BB893376A014</key>
		<dict>
			<key>fileRef</key>
			<string>89D708FDD0187D9EA8ED51FA</string>
			<key>isa</key>
			<string>PBXBuildFile</string>
		</dict>
		<key>449B59A5F4C188053C83668B</key>
		<dict>
			<key>children</key>
			<array/>
			<key>isa</key>
			<string>PBXGroup</string>
			<key>path</key>
			<string>Tests</string>
			<key>sourceTree</key>
			<string>&lt;group&gt;</string>
		</dict>
		<key>45161B7819AC876B10D0FA22</key>
		<dict>
			<key>baseConfigurationReference</key>
			<string>D8372E4D65FCAA4205681B0A</string>
			<key>buildSettings</key>
			<dict>
				<key>ALWAYS_SEARCH_USER_PATHS</key>
				<string>NO</string>
				<key>COMPRESS_PNG_FILES</key>
				<string>NO</string>
				<key>COPY_PHASE_STRIP</key>
				<string>NO</string>
				<key>DSTROOT</key>
				<string>/tmp/xcodeproj.dst</string>
				<key>GCC_DYNAMIC_NO_PIC</key>
				<string>NO</string>
				<key>GCC_OPTIMIZATION_LEVEL</key>
				<string>0</string>
				<key>GCC_PRECOMPILE_PREFIX_HEADER</key>
				<string>YES</string>
				<key>GCC_PREPROCESSOR_DEFINITIONS</key>
				<array>
					<string>RELEASE=0</string>
					<string>STAGING=1</string>
					<string>DEBUG=0</string>
				</array>
				<key>GCC_SYMBOLS_PRIVATE_EXTERN</key>
				<string>NO</string>
				<key>INFOPLIST_FILE</key>
				<string>AutoLayoutDemo/Resources/Other-Sources/Info.plist</string>
				<key>INSTALL_PATH</key>
				<string>$(BUILT_PRODUCTS_DIR)</string>
				<key>IPHONEOS_DEPLOYMENT_TARGET</key>
				<string>8.0</string>
				<key>LD_RUNPATH_SEARCH_PATHS</key>
				<string>$(inherited) @executable_path/Frameworks</string>
				<key>PRODUCT_NAME</key>
				<string>AutoLayoutDemo-Staging</string>
				<key>PUBLIC_HEADERS_FOLDER_PATH</key>
				<string>$(TARGET_NAME)</string>
				<key>SDKROOT</key>
				<string>iphoneos</string>
			</dict>
			<key>isa</key>
			<string>XCBuildConfiguration</string>
			<key>name</key>
			<string>Staging</string>
		</dict>
		<key>4C8711BBDCB8597B8046861F</key>
		<dict>
			<key>children</key>
			<array/>
			<key>isa</key>
			<string>PBXGroup</string>
			<key>path</key>
			<string>Models</string>
			<key>sourceTree</key>
			<string>&lt;group&gt;</string>
		</dict>
		<key>52126C262FE01ADD87602763</key>
		<dict>
			<key>explicitFileType</key>
			<string>wrapper.application</string>
			<key>includeInIndex</key>
			<string>0</string>
			<key>isa</key>
			<string>PBXFileReference</string>
			<key>path</key>
			<string>AutoLayoutDemo-Debug.app</string>
			<key>sourceTree</key>
			<string>BUILT_PRODUCTS_DIR</string>
		</dict>
		<key>54AB8CC6E48E4C1A0C4591AF</key>
		<dict>
			<key>children</key>
			<array>
				<string>76C14C7D9D293F1FDB3FAB35</string>
				<string>EF69BF8169E862B22F055D48</string>
				<string>94B66835FAD462AA334460DB</string>
				<string>6C79F3F3E8B0B08EF5C908DF</string>
				<string>0AA400093E2CD442046AD5A2</string>
			</array>
			<key>indentWidth</key>
			<string>4</string>
			<key>isa</key>
			<string>PBXGroup</string>
			<key>sourceTree</key>
			<string>&lt;group&gt;</string>
			<key>tabWidth</key>
			<string>4</string>
			<key>usesTabs</key>
			<string>0</string>
		</dict>
		<key>54CCDE121FC0076DC9F777EB</key>
		<dict>
			<key>baseConfigurationReference</key>
			<string>59DE4CB40CD18E386307DE3B</string>
			<key>buildSettings</key>
			<dict>
				<key>ALWAYS_SEARCH_USER_PATHS</key>
				<string>NO</string>
				<key>COMPRESS_PNG_FILES</key>
				<string>NO</string>
				<key>COPY_PHASE_STRIP</key>
				<string>NO</string>
				<key>DSTROOT</key>
				<string>/tmp/xcodeproj.dst</string>
				<key>GCC_DYNAMIC_NO_PIC</key>
				<string>NO</string>
				<key>GCC_OPTIMIZATION_LEVEL</key>
				<string>0</string>
				<key>GCC_PRECOMPILE_PREFIX_HEADER</key>
				<string>YES</string>
				<key>GCC_PREPROCESSOR_DEFINITIONS</key>
				<array>
					<string>RELEASE=0</string>
					<string>STAGING=0</string>
					<string>DEBUG=1</string>
				</array>
				<key>GCC_SYMBOLS_PRIVATE_EXTERN</key>
				<string>NO</string>
				<key>INFOPLIST_FILE</key>
				<string>AutoLayoutDemo/Resources/Other-Sources/Info.plist</string>
				<key>INSTALL_PATH</key>
				<string>$(BUILT_PRODUCTS_DIR)</string>
				<key>IPHONEOS_DEPLOYMENT_TARGET</key>
				<string>8.0</string>
				<key>LD_RUNPATH_SEARCH_PATHS</key>
				<string>$(inherited) @executable_path/Frameworks</string>
				<key>PRODUCT_NAME</key>
				<string>AutoLayoutDemo-Debug</string>
				<key>PUBLIC_HEADERS_FOLDER_PATH</key>
				<string>$(TARGET_NAME)</string>
				<key>SDKROOT</key>
				<string>iphoneos</string>
			</dict>
			<key>isa</key>
			<string>XCBuildConfiguration</string>
			<key>name</key>
			<string>Debug</string>
		</dict>
		<key>5562A145AF0E8DD9322E07A5</key>
		<dict>
			<key>buildSettings</key>
			<dict>
				<key>ALWAYS_SEARCH_USER_PATHS</key>
				<string>NO</string>
				<key>ASSETCATALOG_COMPILER_APPICON_NAME</key>
				<string>AppIcon</string>
				<key>CLANG_CXX_LANGUAGE_STANDARD</key>
				<string>gnu++0x</string>
				<key>CLANG_CXX_LIBRARY</key>
				<string>libc++</string>
				<key>CLANG_ENABLE_MODULES</key>
				<string>YES</string>
				<key>CLANG_ENABLE_OBJC_ARC</key>
				<string>YES</string>
				<key>CLANG_WARN_BOOL_CONVERSION</key>
				<string>YES</string>
				<key>CLANG_WARN_CONSTANT_CONVERSION</key>
				<string>YES</string>
				<key>CLANG_WARN_DEPRECATED_OBJC_IMPLEMENTATIONS</key>
				<string>YES</string>
				<key>CLANG_WARN_DIRECT_OBJC_ISA_USAGE</key>
				<string>YES</string>
				<key>CLANG_WARN_EMPTY_BODY</key>
				<string>YES</string>
				<key>CLANG_WARN_ENUM_CONVERSION</key>
				<string>YES</string>
				<key>CLANG_WARN_IMPLICIT_SIGN_CONVERSION</key>
				<string>YES</string>
				<key>CLANG_WARN_INT_CONVERSION</key>
				<string>YES</string>
				<key>CLANG_WARN_OBJC_IMPLICIT_RETAIN_SELF</key>
				<string>YES</string>
				<key>CLANG_WARN_OBJC_ROOT_CLASS</key>
				<string>YES</string>
				<key>CLANG_WARN_SUSPICIOUS_IMPLICIT_CONVERSION</key>
				<string>YES</string>
				<key>CODE_SIGN_IDENTITY[sdk=iphoneos*]</key>
				<string>iPhone Developer</string>
				<key>COMPRESS_PNG_FILES</key>
				<string>NO</string>
				<key>COPY_PHASE_STRIP</key>
				<string>YES</string>
				<key>GCC_C_LANGUAGE_STANDARD</key>
				<string>gnu99</string>
				<key>GCC_DYNAMIC_NO_PIC</key>
				<string>NO</string>
				<key>GCC_OPTIMIZATION_LEVEL</key>
				<string>0</string>
				<key>GCC_PREPROCESSOR_DEFINITIONS</key>
				<array>
					<string>RELEASE=0</string>
					<string>STAGING=0</string>
					<string>DEBUG=1</string>
				</array>
				<key>GCC_SYMBOLS_PRIVATE_EXTERN</key>
				<string>NO</string>
				<key>GCC_WARN_64_TO_32_BIT_CONVERSION</key>
				<string>YES</string>
				<key>GCC_WARN_ABOUT_DEPRECATED_FUNCTIONS</key>
				<string>YES</string>
				<key>GCC_WARN_ABOUT_MISSING_FIELD_INITIALIZERS</key>
				<string>YES</string>
				<key>GCC_WARN_ABOUT_MISSING_NEWLINE</key>
				<string>YES</string>
				<key>GCC_WARN_ABOUT_RETURN_TYPE</key>
				<string>YES</string>
				<key>GCC_WARN_CHECK_SWITCH_STATEMENTS</key>
				<string>YES</string>
				<key>GCC_WARN_INITIALIZER_NOT_FULLY_BRACKETED</key>
				<string>YES</string>
				<key>GCC_WARN_MISSING_PARENTHESES</key>
				<string>YES</string>
				<key>GCC_WARN_SHADOW</key>
				<string>YES</string>
				<key>GCC_WARN_SIGN_COMPARE</key>
				<string>YES</string>
				<key>GCC_WARN_TYPECHECK_CALLS_TO_PRINTF</key>
				<string>YES</string>
				<key>GCC_WARN_UNDECLARED_SELECTOR</key>
				<string>YES</string>
				<key>GCC_WARN_UNINITIALIZED_AUTOS</key>
				<string>YES</string>
				<key>GCC_WARN_UNUSED_FUNCTION</key>
				<string>YES</string>
				<key>GCC_WARN_UNUSED_LABEL</key>
				<string>YES</string>
				<key>GCC_WARN_UNUSED_VALUE</key>
				<string>YES</string>
				<key>GCC_WARN_UNUSED_VARIABLE</key>
				<string>YES</string>
				<key>IPHONEOS_DEPLOYMENT_TARGET</key>
				<string>8.0</string>
				<key>ONLY_ACTIVE_ARCH</key>
				<string>YES</string>
				<key>PRODUCT_NAME</key>
				<string>AutoLayoutDemo-Debug</string>
				<key>RUN_CLANG_STATIC_ANALYZER</key>
				<string>YES</string>
				<key>SDKROOT</key>
				<string>iphoneos</string>
			</dict>
			<key>isa</key>
			<string>XCBuildConfiguration</string>
			<key>name</key>
			<string>Debug</string>
		</dict>
		<key>59DE4CB40CD18E386307DE3B</key>
		<dict>
			<key>includeInIndex</key>
			<string>1</string>
			<key>isa</key>
			<string>PBXFileReference</string>
			<key>lastKnownFileType</key>
			<string>text.xcconfig</string>
			<key>name</key>
			<string>Pods.debug.xcconfig</string>
			<key>path</key>
			<string>Pods/Target Support Files/Pods/Pods.debug.xcconfig</string>
			<key>sourceTree</key>
			<string>&lt;group&gt;</string>
		</dict>
		<key>5BF711551780CC1023B818B7</key>
		<dict>
			<key>includeInIndex</key>
			<string>1</string>
			<key>isa</key>
			<string>PBXFileReference</string>
			<key>lastKnownFileType</key>
			<string>folder.assetcatalog</string>
			<key>path</key>
			<string>Images.xcassets</string>
			<key>sourceTree</key>
			<string>&lt;group&gt;</string>
		</dict>
		<key>636DC1D26B419FE3E2F0C251</key>
		<dict>
			<key>buildConfigurations</key>
			<array>
				<string>314B2F312AEF398F8B394AC0</string>
				<string>0ECAD30A64402A27825BBB43</string>
				<string>5562A145AF0E8DD9322E07A5</string>
			</array>
			<key>defaultConfigurationIsVisible</key>
			<string>0</string>
			<key>defaultConfigurationName</key>
			<string>Debug</string>
			<key>isa</key>
			<string>XCConfigurationList</string>
		</dict>
		<key>65F5865AE7FFCF278058D67C</key>
		<dict>
			<key>buildActionMask</key>
			<string>2147483647</string>
			<key>files</key>
			<array>
				<string>43DD62C87658BB893376A014</string>
				<string>9D1B333DA89B8A4CE9793E72</string>
			</array>
			<key>isa</key>
			<string>PBXFrameworksBuildPhase</string>
			<key>runOnlyForDeploymentPostprocessing</key>
			<string>0</string>
		</dict>
		<key>6C79F3F3E8B0B08EF5C908DF</key>
		<dict>
			<key>children</key>
			<array>
				<string>52126C262FE01ADD87602763</string>
				<string>986F3DEBB7D39DA9D82F0F52</string>
			</array>
			<key>isa</key>
			<string>PBXGroup</string>
			<key>name</key>
			<string>Products</string>
			<key>sourceTree</key>
			<string>&lt;group&gt;</string>
		</dict>
		<key>7020FEAC29F4579F2D9D114E</key>
		<dict>
			<key>buildSettings</key>
			<dict>
				<key>COMPRESS_PNG_FILES</key>
				<string>NO</string>
				<key>FRAMEWORK_SEARCH_PATHS</key>
				<array>
					<string>$(SDKROOT)/Developer/Library/Frameworks</string>
					<string>$(inherited)</string>
					<string>$(DEVELOPER_FRAMEWORKS_DIR)</string>
				</array>
				<key>GCC_PREPROCESSOR_DEFINITIONS</key>
				<array>
					<string>RELEASE=1</string>
					<string>STAGING=0</string>
					<string>DEBUG=0</string>
					<string>$(inherited)</string>
				</array>
				<key>INFOPLIST_FILE</key>
				<string>UnitTests/Resources/UnitTests-Info.plist</string>
				<key>PRODUCT_NAME</key>
				<string>AutoLayoutDemo</string>
				<key>SDKROOT</key>
				<string>iphoneos</string>
				<key>SKIP_INSTALL</key>
				<string>YES</string>
				<key>TEST_HOST</key>
				<string>$(BUNDLE_LOADER)</string>
				<key>WRAPPER_EXTENSION</key>
				<string>xctest</string>
			</dict>
			<key>isa</key>
			<string>XCBuildConfiguration</string>
			<key>name</key>
			<string>Release</string>
		</dict>
		<key>76C14C7D9D293F1FDB3FAB35</key>
		<dict>
			<key>children</key>
			<array>
				<string>E01A6351FFC8FF76CC3CA28D</string>
				<string>FB7990E82AD428A2A65B0F6C</string>
				<string>4C8711BBDCB8597B8046861F</string>
				<string>8A1E6D95B28E31E4FA70AECF</string>
				<string>7F598EFC4C3E6FE3A12C7352</string>
				<string>0991C13C3C6F99B90ED30DFC</string>
				<string>80F16DC681A0B45CFA59002A</string>
			</array>
			<key>isa</key>
			<string>PBXGroup</string>
			<key>path</key>
			<string>AutoLayoutDemo</string>
			<key>sourceTree</key>
			<string>&lt;group&gt;</string>
		</dict>
		<key>7B71AE030FE84EC2F8E885F6</key>
		<dict>
			<key>children</key>
			<array>
				<string>0FEFB1060BC1878178CA633D</string>
			</array>
			<key>isa</key>
			<string>PBXGroup</string>
			<key>path</key>
			<string>Nibs</string>
			<key>sourceTree</key>
			<string>&lt;group&gt;</string>
		</dict>
		<key>7F598EFC4C3E6FE3A12C7352</key>
		<dict>
			<key>children</key>
			<array>
				<string>CE966D0D512B72C5A3914DB7</string>
				<string>D99E51E71CF8D12000B8E405</string>
				<string>D99E51E21CF8D0F200B8E405</string>
				<string>D9D1E1921CF694C3009C280D</string>
			</array>
			<key>isa</key>
			<string>PBXGroup</string>
			<key>path</key>
			<string>Controllers</string>
			<key>sourceTree</key>
			<string>&lt;group&gt;</string>
		</dict>
		<key>80F16DC681A0B45CFA59002A</key>
		<dict>
			<key>children</key>
			<array>
				<string>5BF711551780CC1023B818B7</string>
				<string>7B71AE030FE84EC2F8E885F6</string>
				<string>94EC993A3983729BADADAC95</string>
			</array>
			<key>isa</key>
			<string>PBXGroup</string>
			<key>path</key>
			<string>Resources</string>
			<key>sourceTree</key>
			<string>&lt;group&gt;</string>
		</dict>
		<key>856B898612639A4AF5B22985</key>
		<dict>
			<key>children</key>
			<array>
				<string>89D708FDD0187D9EA8ED51FA</string>
			</array>
			<key>isa</key>
			<string>PBXGroup</string>
			<key>name</key>
			<string>iOS</string>
			<key>sourceTree</key>
			<string>&lt;group&gt;</string>
		</dict>
		<key>89D708FDD0187D9EA8ED51FA</key>
		<dict>
			<key>isa</key>
			<string>PBXFileReference</string>
			<key>lastKnownFileType</key>
			<string>wrapper.framework</string>
			<key>name</key>
			<string>Foundation.framework</string>
			<key>path</key>
			<string>Platforms/iPhoneOS.platform/Developer/SDKs/iPhoneOS7.1.sdk/System/Library/Frameworks/Foundation.framework</string>
			<key>sourceTree</key>
			<string>DEVELOPER_DIR</string>
		</dict>
		<key>8A1E6D95B28E31E4FA70AECF</key>
		<dict>
			<key>children</key>
			<array/>
			<key>isa</key>
			<string>PBXGroup</string>
			<key>path</key>
			<string>ViewModels</string>
			<key>sourceTree</key>
			<string>&lt;group&gt;</string>
		</dict>
		<key>94B66835FAD462AA334460DB</key>
		<dict>
			<key>children</key>
			<array>
				<string>856B898612639A4AF5B22985</string>
				<string>D0009D2F3B6F1410A22A4E6B</string>
			</array>
			<key>isa</key>
			<string>PBXGroup</string>
			<key>name</key>
			<string>Frameworks</string>
			<key>sourceTree</key>
			<string>&lt;group&gt;</string>
		</dict>
		<key>94EC993A3983729BADADAC95</key>
		<dict>
			<key>children</key>
			<array>
				<string>3FE4D5EF4ECB8C4C167DDBF1</string>
			</array>
			<key>isa</key>
			<string>PBXGroup</string>
			<key>path</key>
			<string>Other-Sources</string>
			<key>sourceTree</key>
			<string>&lt;group&gt;</string>
		</dict>
		<key>982F2A2515DAE08B74F245DA</key>
		<dict>
			<key>attributes</key>
			<dict>
				<key>CLASSPREFIX</key>
				<string>AL</string>
				<key>LastSwiftUpdateCheck</key>
				<string>0730</string>
				<key>LastUpgradeCheck</key>
				<string>0510</string>
				<key>ORGANIZATIONNAME</key>
				<string>Intrepid-Pursuits</string>
			</dict>
			<key>buildConfigurationList</key>
			<string>636DC1D26B419FE3E2F0C251</string>
			<key>compatibilityVersion</key>
			<string>Xcode 3.2</string>
			<key>developmentRegion</key>
			<string>English</string>
			<key>hasScannedForEncodings</key>
			<string>0</string>
			<key>isa</key>
			<string>PBXProject</string>
			<key>knownRegions</key>
			<array>
				<string>en</string>
			</array>
			<key>mainGroup</key>
			<string>54AB8CC6E48E4C1A0C4591AF</string>
			<key>productRefGroup</key>
			<string>6C79F3F3E8B0B08EF5C908DF</string>
			<key>projectDirPath</key>
			<string></string>
			<key>projectReferences</key>
			<array/>
			<key>projectRoot</key>
			<string></string>
			<key>targets</key>
			<array>
				<string>3824D5051936220F1CE49985</string>
				<string>E5E0D56D6719A76DC8E4942D</string>
			</array>
		</dict>
		<key>986F3DEBB7D39DA9D82F0F52</key>
		<dict>
			<key>explicitFileType</key>
			<string>wrapper.cfbundle</string>
			<key>includeInIndex</key>
			<string>0</string>
			<key>isa</key>
			<string>PBXFileReference</string>
			<key>path</key>
			<string>AutoLayoutDemo-Debug.xctest</string>
			<key>sourceTree</key>
			<string>BUILT_PRODUCTS_DIR</string>
		</dict>
		<key>9D1B333DA89B8A4CE9793E72</key>
		<dict>
			<key>fileRef</key>
			<string>D0009D2F3B6F1410A22A4E6B</string>
			<key>isa</key>
			<string>PBXBuildFile</string>
		</dict>
		<key>AD1B08CA630911E7E24C5045</key>
		<dict>
			<key>buildActionMask</key>
			<string>2147483647</string>
			<key>files</key>
			<array/>
			<key>isa</key>
			<string>PBXResourcesBuildPhase</string>
			<key>runOnlyForDeploymentPostprocessing</key>
			<string>0</string>
		</dict>
		<key>B67731B53501107EACE7BCDF</key>
		<dict>
			<key>buildActionMask</key>
			<string>2147483647</string>
			<key>files</key>
			<array/>
			<key>inputPaths</key>
			<array/>
			<key>isa</key>
			<string>PBXShellScriptBuildPhase</string>
			<key>name</key>
			<string>Objective-Clean</string>
			<key>outputPaths</key>
			<array/>
			<key>runOnlyForDeploymentPostprocessing</key>
			<string>0</string>
			<key>shellPath</key>
			<string>/bin/sh</string>
			<key>shellScript</key>
			<string>if [[ -z ${SKIP_OBJCLEAN} || ${SKIP_OBJCLEAN} != 1 ]]; then
if [[ -d "${LOCAL_APPS_DIR}/Objective-Clean.app" ]]; then
"${LOCAL_APPS_DIR}"/Objective-Clean.app/Contents/Resources/ObjClean.app/Contents/MacOS/ObjClean "${SRCROOT}"
else
echo "warning: You have to install and set up Objective-Clean to use its features!"
fi
fi</string>
		</dict>
		<key>C08CE7937C6AE4227F670779</key>
		<dict>
			<key>buildActionMask</key>
			<string>2147483647</string>
			<key>files</key>
			<array/>
			<key>isa</key>
			<string>PBXSourcesBuildPhase</string>
			<key>runOnlyForDeploymentPostprocessing</key>
			<string>0</string>
		</dict>
		<key>C70EE12EC95E718290924C8F</key>
		<dict>
			<key>includeInIndex</key>
			<string>1</string>
			<key>isa</key>
			<string>PBXFileReference</string>
			<key>lastKnownFileType</key>
			<string>text.xcconfig</string>
			<key>name</key>
			<string>Pods.release.xcconfig</string>
			<key>path</key>
			<string>Pods/Target Support Files/Pods/Pods.release.xcconfig</string>
			<key>sourceTree</key>
			<string>&lt;group&gt;</string>
		</dict>
		<key>C7B9659A22F55274CB59A3EF</key>
		<dict>
			<key>children</key>
			<array/>
			<key>isa</key>
			<string>PBXGroup</string>
			<key>path</key>
			<string>Helpers</string>
			<key>sourceTree</key>
			<string>&lt;group&gt;</string>
		</dict>
		<key>CA698DB4F523AF3BEB84D155</key>
		<dict>
			<key>buildActionMask</key>
			<string>2147483647</string>
			<key>files</key>
			<array/>
			<key>inputPaths</key>
			<array/>
			<key>isa</key>
			<string>PBXShellScriptBuildPhase</string>
			<key>name</key>
			<string>Embed Pods Frameworks</string>
			<key>outputPaths</key>
			<array/>
			<key>runOnlyForDeploymentPostprocessing</key>
			<string>0</string>
			<key>shellPath</key>
			<string>/bin/sh</string>
			<key>shellScript</key>
			<string>"${SRCROOT}/Pods/Target Support Files/Pods/Pods-frameworks.sh"
</string>
			<key>showEnvVarsInLog</key>
			<string>0</string>
		</dict>
		<key>CE5A3935F2A09E80F3F830E8</key>
		<dict>
			<key>buildActionMask</key>
			<string>2147483647</string>
			<key>files</key>
			<array>
				<string>052301ADA4EF43D178BFB41D</string>
				<string>D9D1E1951CF69517009C280D</string>
				<string>D99E51E51CF8D11900B8E405</string>
				<string>1EBF0B6323FC7E628852E733</string>
				<string>D99E51EA1CF8D13300B8E405</string>
			</array>
			<key>isa</key>
			<string>PBXSourcesBuildPhase</string>
			<key>runOnlyForDeploymentPostprocessing</key>
			<string>0</string>
		</dict>
		<key>CE966D0D512B72C5A3914DB7</key>
		<dict>
			<key>includeInIndex</key>
			<string>1</string>
			<key>isa</key>
			<string>PBXFileReference</string>
			<key>lastKnownFileType</key>
			<string>sourcecode.swift</string>
			<key>path</key>
			<string>AppDelegate.swift</string>
			<key>sourceTree</key>
			<string>&lt;group&gt;</string>
		</dict>
		<key>D0009D2F3B6F1410A22A4E6B</key>
		<dict>
			<key>explicitFileType</key>
			<string>wrapper.framework</string>
			<key>includeInIndex</key>
			<string>0</string>
			<key>isa</key>
			<string>PBXFileReference</string>
			<key>path</key>
			<string>Pods.framework</string>
			<key>sourceTree</key>
			<string>BUILT_PRODUCTS_DIR</string>
		</dict>
		<key>D8372E4D65FCAA4205681B0A</key>
		<dict>
			<key>includeInIndex</key>
			<string>1</string>
			<key>isa</key>
			<string>PBXFileReference</string>
			<key>lastKnownFileType</key>
			<string>text.xcconfig</string>
			<key>name</key>
			<string>Pods.staging.xcconfig</string>
			<key>path</key>
			<string>Pods/Target Support Files/Pods/Pods.staging.xcconfig</string>
			<key>sourceTree</key>
			<string>&lt;group&gt;</string>
		</dict>
		<key>D99E51E21CF8D0F200B8E405</key>
		<dict>
			<key>children</key>
			<array>
				<string>D99E51E31CF8D11900B8E405</string>
				<string>D99E51E41CF8D11900B8E405</string>
			</array>
			<key>isa</key>
			<string>PBXGroup</string>
			<key>name</key>
			<string>Menu</string>
			<key>sourceTree</key>
			<string>&lt;group&gt;</string>
		</dict>
		<key>D99E51E31CF8D11900B8E405</key>
		<dict>
			<key>fileEncoding</key>
			<string>4</string>
			<key>isa</key>
			<string>PBXFileReference</string>
			<key>lastKnownFileType</key>
			<string>sourcecode.swift</string>
			<key>name</key>
			<string>ALMenuViewController.swift</string>
			<key>path</key>
			<string>Menu/ALMenuViewController.swift</string>
			<key>sourceTree</key>
			<string>&lt;group&gt;</string>
		</dict>
		<key>D99E51E41CF8D11900B8E405</key>
		<dict>
			<key>fileEncoding</key>
			<string>4</string>
			<key>isa</key>
			<string>PBXFileReference</string>
			<key>lastKnownFileType</key>
			<string>file.xib</string>
			<key>name</key>
			<string>ALMenuViewController.xib</string>
			<key>path</key>
			<string>Menu/ALMenuViewController.xib</string>
			<key>sourceTree</key>
			<string>&lt;group&gt;</string>
		</dict>
		<key>D99E51E51CF8D11900B8E405</key>
		<dict>
			<key>fileRef</key>
			<string>D99E51E31CF8D11900B8E405</string>
			<key>isa</key>
			<string>PBXBuildFile</string>
		</dict>
		<key>D99E51E61CF8D11900B8E405</key>
		<dict>
			<key>fileRef</key>
			<string>D99E51E41CF8D11900B8E405</string>
			<key>isa</key>
			<string>PBXBuildFile</string>
		</dict>
		<key>D99E51E71CF8D12000B8E405</key>
		<dict>
			<key>children</key>
			<array>
				<string>D99E51E81CF8D13300B8E405</string>
				<string>D99E51E91CF8D13300B8E405</string>
			</array>
			<key>isa</key>
			<string>PBXGroup</string>
			<key>name</key>
			<string>Prompt</string>
			<key>sourceTree</key>
			<string>&lt;group&gt;</string>
		</dict>
		<key>D99E51E81CF8D13300B8E405</key>
		<dict>
			<key>fileEncoding</key>
			<string>4</string>
			<key>isa</key>
			<string>PBXFileReference</string>
			<key>lastKnownFileType</key>
			<string>sourcecode.swift</string>
			<key>name</key>
			<string>ALPromptViewController.swift</string>
			<key>path</key>
			<string>Prompt/ALPromptViewController.swift</string>
			<key>sourceTree</key>
			<string>&lt;group&gt;</string>
		</dict>
		<key>D99E51E91CF8D13300B8E405</key>
		<dict>
			<key>fileEncoding</key>
			<string>4</string>
			<key>isa</key>
			<string>PBXFileReference</string>
			<key>lastKnownFileType</key>
			<string>file.xib</string>
			<key>name</key>
			<string>ALPromptViewController.xib</string>
			<key>path</key>
			<string>Prompt/ALPromptViewController.xib</string>
			<key>sourceTree</key>
			<string>&lt;group&gt;</string>
		</dict>
		<key>D99E51EA1CF8D13300B8E405</key>
		<dict>
			<key>fileRef</key>
			<string>D99E51E81CF8D13300B8E405</string>
			<key>isa</key>
			<string>PBXBuildFile</string>
		</dict>
		<key>D99E51EB1CF8D13300B8E405</key>
		<dict>
			<key>fileRef</key>
			<string>D99E51E91CF8D13300B8E405</string>
			<key>isa</key>
			<string>PBXBuildFile</string>
		</dict>
		<key>D9D1E1921CF694C3009C280D</key>
		<dict>
			<key>children</key>
			<array>
				<string>D9D1E1931CF69517009C280D</string>
				<string>D9D1E1941CF69517009C280D</string>
			</array>
			<key>isa</key>
			<string>PBXGroup</string>
			<key>name</key>
			<string>Root</string>
			<key>sourceTree</key>
			<string>&lt;group&gt;</string>
		</dict>
		<key>D9D1E1931CF69517009C280D</key>
		<dict>
			<key>fileEncoding</key>
			<string>4</string>
			<key>isa</key>
			<string>PBXFileReference</string>
			<key>lastKnownFileType</key>
			<string>sourcecode.swift</string>
			<key>name</key>
			<string>ALRootVIewController.swift</string>
			<key>path</key>
			<string>Root/ALRootVIewController.swift</string>
			<key>sourceTree</key>
			<string>&lt;group&gt;</string>
		</dict>
		<key>D9D1E1941CF69517009C280D</key>
		<dict>
			<key>fileEncoding</key>
			<string>4</string>
			<key>isa</key>
			<string>PBXFileReference</string>
			<key>lastKnownFileType</key>
			<string>file.xib</string>
			<key>name</key>
			<string>ALRootVIewController.xib</string>
			<key>path</key>
			<string>Root/ALRootVIewController.xib</string>
			<key>sourceTree</key>
			<string>&lt;group&gt;</string>
		</dict>
		<key>D9D1E1951CF69517009C280D</key>
		<dict>
			<key>fileRef</key>
			<string>D9D1E1931CF69517009C280D</string>
			<key>isa</key>
			<string>PBXBuildFile</string>
		</dict>
		<key>D9D1E1961CF69517009C280D</key>
		<dict>
			<key>fileRef</key>
			<string>D9D1E1941CF69517009C280D</string>
			<key>isa</key>
			<string>PBXBuildFile</string>
		</dict>
		<key>E01A6351FFC8FF76CC3CA28D</key>
		<dict>
			<key>children</key>
			<array/>
			<key>isa</key>
			<string>PBXGroup</string>
			<key>path</key>
			<string>Extensions</string>
			<key>sourceTree</key>
			<string>&lt;group&gt;</string>
		</dict>
		<key>E5E0D56D6719A76DC8E4942D</key>
		<dict>
			<key>buildConfigurationList</key>
			<string>4363D3DC9725194B43B90585</string>
			<key>buildPhases</key>
			<array>
				<string>C08CE7937C6AE4227F670779</string>
				<string>11B9C104B29F1633A7035344</string>
				<string>AD1B08CA630911E7E24C5045</string>
			</array>
			<key>buildRules</key>
			<array/>
			<key>dependencies</key>
			<array>
				<string>233E5D70CBDE8E0740C013B1</string>
			</array>
			<key>isa</key>
			<string>PBXNativeTarget</string>
			<key>name</key>
			<string>UnitTests</string>
			<key>productName</key>
			<string>UnitTests</string>
			<key>productReference</key>
			<string>986F3DEBB7D39DA9D82F0F52</string>
			<key>productType</key>
			<string>com.apple.product-type.bundle.unit-test</string>
		</dict>
		<key>EF69BF8169E862B22F055D48</key>
		<dict>
			<key>children</key>
			<array>
				<string>360C351F2081B9C6EEDC4A5F</string>
				<string>C7B9659A22F55274CB59A3EF</string>
				<string>449B59A5F4C188053C83668B</string>
			</array>
			<key>isa</key>
			<string>PBXGroup</string>
			<key>path</key>
			<string>UnitTests</string>
			<key>sourceTree</key>
			<string>&lt;group&gt;</string>
		</dict>
		<key>F6E3D1BC2CF5F28EB3B89183</key>
		<dict>
			<key>baseConfigurationReference</key>
			<string>C70EE12EC95E718290924C8F</string>
			<key>buildSettings</key>
			<dict>
				<key>ALWAYS_SEARCH_USER_PATHS</key>
				<string>NO</string>
				<key>COMPRESS_PNG_FILES</key>
				<string>NO</string>
				<key>COPY_PHASE_STRIP</key>
				<string>YES</string>
				<key>DSTROOT</key>
				<string>/tmp/xcodeproj.dst</string>
				<key>GCC_PRECOMPILE_PREFIX_HEADER</key>
				<string>YES</string>
				<key>GCC_PREPROCESSOR_DEFINITIONS</key>
				<array>
					<string>RELEASE=1</string>
					<string>STAGING=0</string>
					<string>DEBUG=0</string>
				</array>
				<key>INFOPLIST_FILE</key>
				<string>AutoLayoutDemo/Resources/Other-Sources/Info.plist</string>
				<key>INSTALL_PATH</key>
				<string>$(BUILT_PRODUCTS_DIR)</string>
				<key>IPHONEOS_DEPLOYMENT_TARGET</key>
				<string>8.0</string>
				<key>LD_RUNPATH_SEARCH_PATHS</key>
				<string>$(inherited) @executable_path/Frameworks</string>
				<key>OTHER_CFLAGS</key>
				<array>
					<string>-DNS_BLOCK_ASSERTIONS=1</string>
					<string>$(inherited)</string>
				</array>
				<key>OTHER_CPLUSPLUSFLAGS</key>
				<array>
					<string>-DNS_BLOCK_ASSERTIONS=1</string>
					<string>$(inherited)</string>
				</array>
				<key>PRODUCT_NAME</key>
				<string>AutoLayoutDemo</string>
				<key>PUBLIC_HEADERS_FOLDER_PATH</key>
				<string>$(TARGET_NAME)</string>
				<key>SDKROOT</key>
				<string>iphoneos</string>
				<key>VALIDATE_PRODUCT</key>
				<string>YES</string>
			</dict>
			<key>isa</key>
			<string>XCBuildConfiguration</string>
			<key>name</key>
			<string>Release</string>
		</dict>
		<key>FB7990E82AD428A2A65B0F6C</key>
		<dict>
			<key>children</key>
			<array/>
			<key>isa</key>
			<string>PBXGroup</string>
			<key>path</key>
			<string>Networking</string>
			<key>sourceTree</key>
			<string>&lt;group&gt;</string>
		</dict>
	</dict>
	<key>rootObject</key>
	<string>982F2A2515DAE08B74F245DA</string>
</dict>
</plist>
